PODS:
  - SwiftCharts (0.6.5)
  - SwiftLint (0.49.1)

DEPENDENCIES:
  - SwiftCharts
  - SwiftLint

SPEC REPOS:
  trunk:
    - SwiftCharts
    - SwiftLint

SPEC CHECKSUMS:
  SwiftCharts: 2e755ea292f0b87d3e4b2c1eb5afc080a20cdc15
  SwiftLint: 32ee33ded0636d0905ef6911b2b67bbaeeedafa5

PODFILE CHECKSUM: caa040ac3432435e8265abf6861d4b431c2df12d

COCOAPODS: 1.11.2
