PODS:
  - Charts (4.1.0):
    - Charts/Core (= 4.1.0)
  - Charts/Core (4.1.0):
    - SwiftAlgorithms (~> 1.0)
  - SwiftAlgorithms (1.0.0)
  - SwiftLint (0.49.1)

DEPENDENCIES:
  - Charts
  - SwiftLint

SPEC REPOS:
  trunk:
    - Charts
    - SwiftAlgorithms
    - SwiftLint

SPEC CHECKSUMS:
  Charts: 354f86803d11d9c35de280587fef50d1af063978
  SwiftAlgorithms: 38dda4731d19027fdeee1125f973111bf3386b53
  SwiftLint: 32ee33ded0636d0905ef6911b2b67bbaeeedafa5

PODFILE CHECKSUM: dc36a4159273dd0c7136a0ebbde6c423b1a31235

COCOAPODS: 1.11.2
