// !$*UTF8*$!
{
	archiveVersion = 1;
	classes = {
	};
	objectVersion = 56;
	objects = {

/* Begin PBXBuildFile section */
		0A1CC2F12927682B00B63CBE /* AppDelegate.swift in Sources */ = {isa = PBXBuildFile; fileRef = 0A1CC2F02927682B00B63CBE /* AppDelegate.swift */; };
		0A1CC2F32927682B00B63CBE /* SceneDelegate.swift in Sources */ = {isa = PBXBuildFile; fileRef = 0A1CC2F22927682B00B63CBE /* SceneDelegate.swift */; };
		0A1CC2FA2927682D00B63CBE /* Assets.xcassets in Resources */ = {isa = PBXBuildFile; fileRef = 0A1CC2F92927682D00B63CBE /* Assets.xcassets */; };
		0A1CC2FD2927682D00B63CBE /* LaunchScreen.storyboard in Resources */ = {isa = PBXBuildFile; fileRef = 0A1CC2FB2927682D00B63CBE /* LaunchScreen.storyboard */; };
		0A1CC3082927682D00B63CBE /* CurrencyRateTests.swift in Sources */ = {isa = PBXBuildFile; fileRef = 0A1CC3072927682D00B63CBE /* CurrencyRateTests.swift */; };
		0A1CC3122927682D00B63CBE /* CurrencyRateUITests.swift in Sources */ = {isa = PBXBuildFile; fileRef = 0A1CC3112927682D00B63CBE /* CurrencyRateUITests.swift */; };
		0A1CC3142927682D00B63CBE /* CurrencyRateUITestsLaunchTests.swift in Sources */ = {isa = PBXBuildFile; fileRef = 0A1CC3132927682D00B63CBE /* CurrencyRateUITestsLaunchTests.swift */; };
		0A1CC3292927735F00B63CBE /* CurrencyRateViewController.swift in Sources */ = {isa = PBXBuildFile; fileRef = 0A1CC3282927735F00B63CBE /* CurrencyRateViewController.swift */; };
		0A1CC32B2927736F00B63CBE /* CurrencyRateView.swift in Sources */ = {isa = PBXBuildFile; fileRef = 0A1CC32A2927736F00B63CBE /* CurrencyRateView.swift */; };
		0A1CC32D2927737700B63CBE /* CurrencyRateViewModel.swift in Sources */ = {isa = PBXBuildFile; fileRef = 0A1CC32C2927737700B63CBE /* CurrencyRateViewModel.swift */; };
		0A1CC332292773E400B63CBE /* BaseViewModel.swift in Sources */ = {isa = PBXBuildFile; fileRef = 0A1CC32F292773E400B63CBE /* BaseViewModel.swift */; };
		0A1CC333292773E400B63CBE /* BaseViewController.swift in Sources */ = {isa = PBXBuildFile; fileRef = 0A1CC330292773E400B63CBE /* BaseViewController.swift */; };
		0A1CC334292773E400B63CBE /* BaseView.swift in Sources */ = {isa = PBXBuildFile; fileRef = 0A1CC331292773E400B63CBE /* BaseView.swift */; };
		0A1CC33C2927759000B63CBE /* IQKeyboardManagerSwift in Frameworks */ = {isa = PBXBuildFile; productRef = 0A1CC33B2927759000B63CBE /* IQKeyboardManagerSwift */; };
		0A1CC33E2927805E00B63CBE /* CurrencyPickerView.swift in Sources */ = {isa = PBXBuildFile; fileRef = 0A1CC33D2927805E00B63CBE /* CurrencyPickerView.swift */; };
		0A39AF11292A2F560070813C /* CurrencyRateRepositoryMock.swift in Sources */ = {isa = PBXBuildFile; fileRef = 0A39AF10292A2F560070813C /* CurrencyRateRepositoryMock.swift */; };
		0A39AF13292A360E0070813C /* CurrencyRateUseCaseTests.swift in Sources */ = {isa = PBXBuildFile; fileRef = 0A39AF12292A360E0070813C /* CurrencyRateUseCaseTests.swift */; };
		0A39AF15292A37510070813C /* CurrenciesUseCaseMock.swift in Sources */ = {isa = PBXBuildFile; fileRef = 0A39AF14292A37510070813C /* CurrenciesUseCaseMock.swift */; };
		0A39AF19292A40500070813C /* NetworkClientTests.swift in Sources */ = {isa = PBXBuildFile; fileRef = 0A39AF18292A40500070813C /* NetworkClientTests.swift */; };
		0A39AF1B292A449C0070813C /* HistoryLocalDataSourceMock.swift in Sources */ = {isa = PBXBuildFile; fileRef = 0A39AF1A292A449C0070813C /* HistoryLocalDataSourceMock.swift */; };
		0A39AF1D292A44EC0070813C /* HistoryRepositoryMock.swift in Sources */ = {isa = PBXBuildFile; fileRef = 0A39AF1C292A44EC0070813C /* HistoryRepositoryMock.swift */; };
		0A39AF1F292A45190070813C /* HistoryUseCaseMock.swift in Sources */ = {isa = PBXBuildFile; fileRef = 0A39AF1E292A45190070813C /* HistoryUseCaseMock.swift */; };
		0A39AF21292A45770070813C /* HistoryLocalDataSourceTests.swift in Sources */ = {isa = PBXBuildFile; fileRef = 0A39AF20292A45770070813C /* HistoryLocalDataSourceTests.swift */; };
		0A39AF23292A45890070813C /* HistoryRepositoryTests.swift in Sources */ = {isa = PBXBuildFile; fileRef = 0A39AF22292A45890070813C /* HistoryRepositoryTests.swift */; };
		0A39AF25292A45970070813C /* HistoryUseCaseTests.swift in Sources */ = {isa = PBXBuildFile; fileRef = 0A39AF24292A45970070813C /* HistoryUseCaseTests.swift */; };
		0A61B6A529292B08003263FF /* CurrencyStorage.xcdatamodeld in Sources */ = {isa = PBXBuildFile; fileRef = 0A61B6A329292B08003263FF /* CurrencyStorage.xcdatamodeld */; };
		0A61B6A729292C8A003263FF /* LocalStorage.swift in Sources */ = {isa = PBXBuildFile; fileRef = 0A61B6A629292C8A003263FF /* LocalStorage.swift */; };
		0A61B6AE2929378F003263FF /* HistoryModel+CoreDataClass.swift in Sources */ = {isa = PBXBuildFile; fileRef = 0A61B6A82929378F003263FF /* HistoryModel+CoreDataClass.swift */; };
		0A61B6AF2929378F003263FF /* HistoryModel+CoreDataProperties.swift in Sources */ = {isa = PBXBuildFile; fileRef = 0A61B6A92929378F003263FF /* HistoryModel+CoreDataProperties.swift */; };
		0A61B6B02929378F003263FF /* CurrencyRateModel+CoreDataClass.swift in Sources */ = {isa = PBXBuildFile; fileRef = 0A61B6AA2929378F003263FF /* CurrencyRateModel+CoreDataClass.swift */; };
		0A61B6B12929378F003263FF /* CurrencyRateModel+CoreDataProperties.swift in Sources */ = {isa = PBXBuildFile; fileRef = 0A61B6AB2929378F003263FF /* CurrencyRateModel+CoreDataProperties.swift */; };
		0A61B6B22929378F003263FF /* CurrencyModel+CoreDataClass.swift in Sources */ = {isa = PBXBuildFile; fileRef = 0A61B6AC2929378F003263FF /* CurrencyModel+CoreDataClass.swift */; };
		0A61B6B32929378F003263FF /* CurrencyModel+CoreDataProperties.swift in Sources */ = {isa = PBXBuildFile; fileRef = 0A61B6AD2929378F003263FF /* CurrencyModel+CoreDataProperties.swift */; };
		0A61B6B529293C7C003263FF /* SaveCurrencyRatesFromRemoteUseCase.swift in Sources */ = {isa = PBXBuildFile; fileRef = 0A61B6B429293C7C003263FF /* SaveCurrencyRatesFromRemoteUseCase.swift */; };
		0A61B6B729293CE6003263FF /* GetCurrencyRateUseCase.swift in Sources */ = {isa = PBXBuildFile; fileRef = 0A61B6B629293CE6003263FF /* GetCurrencyRateUseCase.swift */; };
		0A61B6B929293F60003263FF /* CurrencyRateEntity.swift in Sources */ = {isa = PBXBuildFile; fileRef = 0A61B6B829293F60003263FF /* CurrencyRateEntity.swift */; };
		0A61B6BA292944E8003263FF /* CurrencyEntity.swift in Sources */ = {isa = PBXBuildFile; fileRef = 0A7778312929020D008AF30B /* CurrencyEntity.swift */; };
		0A61B6BB292944EC003263FF /* CurrencyEntity.swift in Sources */ = {isa = PBXBuildFile; fileRef = 0A7778312929020D008AF30B /* CurrencyEntity.swift */; };
		0A61B6BC292944EF003263FF /* CurrencyRateEntity.swift in Sources */ = {isa = PBXBuildFile; fileRef = 0A61B6B829293F60003263FF /* CurrencyRateEntity.swift */; };
		0A61B6BD292944EF003263FF /* CurrencyRateEntity.swift in Sources */ = {isa = PBXBuildFile; fileRef = 0A61B6B829293F60003263FF /* CurrencyRateEntity.swift */; };
		0A61B6BE292944F2003263FF /* CurrencyRateRemoteDataSource.swift in Sources */ = {isa = PBXBuildFile; fileRef = 0A7778202928DEAA008AF30B /* CurrencyRateRemoteDataSource.swift */; };
		0A61B6BF292944F3003263FF /* CurrencyRateRemoteDataSource.swift in Sources */ = {isa = PBXBuildFile; fileRef = 0A7778202928DEAA008AF30B /* CurrencyRateRemoteDataSource.swift */; };
		0A61B6C0292944F6003263FF /* CurrencyRateLocalDataSource.swift in Sources */ = {isa = PBXBuildFile; fileRef = 0A77783629291050008AF30B /* CurrencyRateLocalDataSource.swift */; };
		0A61B6C1292944F6003263FF /* CurrencyRateLocalDataSource.swift in Sources */ = {isa = PBXBuildFile; fileRef = 0A77783629291050008AF30B /* CurrencyRateLocalDataSource.swift */; };
		0A61B6C2292944F9003263FF /* CurrencyRateApis.swift in Sources */ = {isa = PBXBuildFile; fileRef = 0A7778222928E4EA008AF30B /* CurrencyRateApis.swift */; };
		0A61B6C3292944F9003263FF /* CurrencyRateApis.swift in Sources */ = {isa = PBXBuildFile; fileRef = 0A7778222928E4EA008AF30B /* CurrencyRateApis.swift */; };
		0A61B6C529294508003263FF /* CurrencyRateRepository.swift in Sources */ = {isa = PBXBuildFile; fileRef = 0A77781A2927EB01008AF30B /* CurrencyRateRepository.swift */; };
		0A61B6C629294509003263FF /* CurrencyRateRepository.swift in Sources */ = {isa = PBXBuildFile; fileRef = 0A77781A2927EB01008AF30B /* CurrencyRateRepository.swift */; };
		0A61B6C72929450C003263FF /* GetCurrenciesUseCase.swift in Sources */ = {isa = PBXBuildFile; fileRef = 0A7778142927E894008AF30B /* GetCurrenciesUseCase.swift */; };
		0A61B6C82929450C003263FF /* GetCurrenciesUseCase.swift in Sources */ = {isa = PBXBuildFile; fileRef = 0A7778142927E894008AF30B /* GetCurrenciesUseCase.swift */; };
		0A61B6C92929450F003263FF /* SaveCurrencyRatesFromRemoteUseCase.swift in Sources */ = {isa = PBXBuildFile; fileRef = 0A61B6B429293C7C003263FF /* SaveCurrencyRatesFromRemoteUseCase.swift */; };
		0A61B6CA29294510003263FF /* SaveCurrencyRatesFromRemoteUseCase.swift in Sources */ = {isa = PBXBuildFile; fileRef = 0A61B6B429293C7C003263FF /* SaveCurrencyRatesFromRemoteUseCase.swift */; };
		0A61B6CB29294512003263FF /* GetCurrencyRateUseCase.swift in Sources */ = {isa = PBXBuildFile; fileRef = 0A61B6B629293CE6003263FF /* GetCurrencyRateUseCase.swift */; };
		0A61B6CC29294513003263FF /* GetCurrencyRateUseCase.swift in Sources */ = {isa = PBXBuildFile; fileRef = 0A61B6B629293CE6003263FF /* GetCurrencyRateUseCase.swift */; };
		0A61B6CD29294517003263FF /* CurrencyPickerView.swift in Sources */ = {isa = PBXBuildFile; fileRef = 0A1CC33D2927805E00B63CBE /* CurrencyPickerView.swift */; };
		0A61B6CE29294517003263FF /* CurrencyPickerView.swift in Sources */ = {isa = PBXBuildFile; fileRef = 0A1CC33D2927805E00B63CBE /* CurrencyPickerView.swift */; };
		0A61B6CF29294519003263FF /* CurrencyRateViewController.swift in Sources */ = {isa = PBXBuildFile; fileRef = 0A1CC3282927735F00B63CBE /* CurrencyRateViewController.swift */; };
		0A61B6D02929451A003263FF /* CurrencyRateViewController.swift in Sources */ = {isa = PBXBuildFile; fileRef = 0A1CC3282927735F00B63CBE /* CurrencyRateViewController.swift */; };
		0A61B6D12929451C003263FF /* CurrencyRateView.swift in Sources */ = {isa = PBXBuildFile; fileRef = 0A1CC32A2927736F00B63CBE /* CurrencyRateView.swift */; };
		0A61B6D22929451C003263FF /* CurrencyRateView.swift in Sources */ = {isa = PBXBuildFile; fileRef = 0A1CC32A2927736F00B63CBE /* CurrencyRateView.swift */; };
		0A61B6D329294520003263FF /* CurrencyRateViewModel.swift in Sources */ = {isa = PBXBuildFile; fileRef = 0A1CC32C2927737700B63CBE /* CurrencyRateViewModel.swift */; };
		0A61B6D429294520003263FF /* CurrencyRateViewModel.swift in Sources */ = {isa = PBXBuildFile; fileRef = 0A1CC32C2927737700B63CBE /* CurrencyRateViewModel.swift */; };
		0A61B6D529294526003263FF /* HistoryModel+CoreDataClass.swift in Sources */ = {isa = PBXBuildFile; fileRef = 0A61B6A82929378F003263FF /* HistoryModel+CoreDataClass.swift */; };
		0A61B6D629294527003263FF /* HistoryModel+CoreDataClass.swift in Sources */ = {isa = PBXBuildFile; fileRef = 0A61B6A82929378F003263FF /* HistoryModel+CoreDataClass.swift */; };
		0A61B6D729294529003263FF /* HistoryModel+CoreDataProperties.swift in Sources */ = {isa = PBXBuildFile; fileRef = 0A61B6A92929378F003263FF /* HistoryModel+CoreDataProperties.swift */; };
		0A61B6D829294529003263FF /* HistoryModel+CoreDataProperties.swift in Sources */ = {isa = PBXBuildFile; fileRef = 0A61B6A92929378F003263FF /* HistoryModel+CoreDataProperties.swift */; };
		0A61B6D92929452C003263FF /* CurrencyRateModel+CoreDataClass.swift in Sources */ = {isa = PBXBuildFile; fileRef = 0A61B6AA2929378F003263FF /* CurrencyRateModel+CoreDataClass.swift */; };
		0A61B6DA2929452D003263FF /* CurrencyRateModel+CoreDataClass.swift in Sources */ = {isa = PBXBuildFile; fileRef = 0A61B6AA2929378F003263FF /* CurrencyRateModel+CoreDataClass.swift */; };
		0A61B6DB2929452F003263FF /* CurrencyRateModel+CoreDataProperties.swift in Sources */ = {isa = PBXBuildFile; fileRef = 0A61B6AB2929378F003263FF /* CurrencyRateModel+CoreDataProperties.swift */; };
		0A61B6DC29294530003263FF /* CurrencyRateModel+CoreDataProperties.swift in Sources */ = {isa = PBXBuildFile; fileRef = 0A61B6AB2929378F003263FF /* CurrencyRateModel+CoreDataProperties.swift */; };
		0A61B6DD29294532003263FF /* CurrencyModel+CoreDataClass.swift in Sources */ = {isa = PBXBuildFile; fileRef = 0A61B6AC2929378F003263FF /* CurrencyModel+CoreDataClass.swift */; };
		0A61B6DE29294533003263FF /* CurrencyModel+CoreDataClass.swift in Sources */ = {isa = PBXBuildFile; fileRef = 0A61B6AC2929378F003263FF /* CurrencyModel+CoreDataClass.swift */; };
		0A61B6DF29294535003263FF /* CurrencyModel+CoreDataProperties.swift in Sources */ = {isa = PBXBuildFile; fileRef = 0A61B6AD2929378F003263FF /* CurrencyModel+CoreDataProperties.swift */; };
		0A61B6E029294535003263FF /* CurrencyModel+CoreDataProperties.swift in Sources */ = {isa = PBXBuildFile; fileRef = 0A61B6AD2929378F003263FF /* CurrencyModel+CoreDataProperties.swift */; };
		0A61B6E129294538003263FF /* LocalStorage.swift in Sources */ = {isa = PBXBuildFile; fileRef = 0A61B6A629292C8A003263FF /* LocalStorage.swift */; };
		0A61B6E229294538003263FF /* LocalStorage.swift in Sources */ = {isa = PBXBuildFile; fileRef = 0A61B6A629292C8A003263FF /* LocalStorage.swift */; };
		0A61B6E32929453B003263FF /* CurrencyStorage.xcdatamodeld in Sources */ = {isa = PBXBuildFile; fileRef = 0A61B6A329292B08003263FF /* CurrencyStorage.xcdatamodeld */; };
		0A61B6E42929453B003263FF /* CurrencyStorage.xcdatamodeld in Sources */ = {isa = PBXBuildFile; fileRef = 0A61B6A329292B08003263FF /* CurrencyStorage.xcdatamodeld */; };
		0A61B6E52929453F003263FF /* DIConfiguration.swift in Sources */ = {isa = PBXBuildFile; fileRef = 0A77783429290BB9008AF30B /* DIConfiguration.swift */; };
		0A61B6E62929453F003263FF /* DIConfiguration.swift in Sources */ = {isa = PBXBuildFile; fileRef = 0A77783429290BB9008AF30B /* DIConfiguration.swift */; };
		0A61B6E729294544003263FF /* RequestApi.swift in Sources */ = {isa = PBXBuildFile; fileRef = 0A7778022927D505008AF30B /* RequestApi.swift */; };
		0A61B6E829294544003263FF /* RequestApi.swift in Sources */ = {isa = PBXBuildFile; fileRef = 0A7778022927D505008AF30B /* RequestApi.swift */; };
		0A61B6E929294546003263FF /* NetworkService.swift in Sources */ = {isa = PBXBuildFile; fileRef = 0A7778042927D744008AF30B /* NetworkService.swift */; };
		0A61B6EA29294547003263FF /* NetworkService.swift in Sources */ = {isa = PBXBuildFile; fileRef = 0A7778042927D744008AF30B /* NetworkService.swift */; };
		0A61B6EB29294549003263FF /* NetworkConfiguration.swift in Sources */ = {isa = PBXBuildFile; fileRef = 0A7778062927D86F008AF30B /* NetworkConfiguration.swift */; };
		0A61B6EC29294549003263FF /* NetworkConfiguration.swift in Sources */ = {isa = PBXBuildFile; fileRef = 0A7778062927D86F008AF30B /* NetworkConfiguration.swift */; };
		0A61B6ED2929454C003263FF /* NetworkClient.swift in Sources */ = {isa = PBXBuildFile; fileRef = 0A7778082927DA1E008AF30B /* NetworkClient.swift */; };
		0A61B6EE2929454C003263FF /* NetworkClient.swift in Sources */ = {isa = PBXBuildFile; fileRef = 0A7778082927DA1E008AF30B /* NetworkClient.swift */; };
		0A61B6EF2929454E003263FF /* NetworkError.swift in Sources */ = {isa = PBXBuildFile; fileRef = 0A77780A2927DB22008AF30B /* NetworkError.swift */; };
		0A61B6F02929454E003263FF /* NetworkError.swift in Sources */ = {isa = PBXBuildFile; fileRef = 0A77780A2927DB22008AF30B /* NetworkError.swift */; };
		0A61B6F129294552003263FF /* BaseView.swift in Sources */ = {isa = PBXBuildFile; fileRef = 0A1CC331292773E400B63CBE /* BaseView.swift */; };
		0A61B6F229294553003263FF /* BaseView.swift in Sources */ = {isa = PBXBuildFile; fileRef = 0A1CC331292773E400B63CBE /* BaseView.swift */; };
		0A61B6F329294555003263FF /* BaseViewController.swift in Sources */ = {isa = PBXBuildFile; fileRef = 0A1CC330292773E400B63CBE /* BaseViewController.swift */; };
		0A61B6F429294555003263FF /* BaseViewController.swift in Sources */ = {isa = PBXBuildFile; fileRef = 0A1CC330292773E400B63CBE /* BaseViewController.swift */; };
		0A61B6F529294558003263FF /* BaseViewModel.swift in Sources */ = {isa = PBXBuildFile; fileRef = 0A1CC32F292773E400B63CBE /* BaseViewModel.swift */; };
		0A61B6F629294558003263FF /* BaseViewModel.swift in Sources */ = {isa = PBXBuildFile; fileRef = 0A1CC32F292773E400B63CBE /* BaseViewModel.swift */; };
		0A61B6F72929455A003263FF /* AppError.swift in Sources */ = {isa = PBXBuildFile; fileRef = 0A77781C2927ECAF008AF30B /* AppError.swift */; };
		0A61B6F82929455A003263FF /* AppError.swift in Sources */ = {isa = PBXBuildFile; fileRef = 0A77781C2927ECAF008AF30B /* AppError.swift */; };
		0A61B7022929472F003263FF /* IQKeyboardManagerSwift in Frameworks */ = {isa = PBXBuildFile; productRef = 0A61B7012929472F003263FF /* IQKeyboardManagerSwift */; };
		0A7778032927D505008AF30B /* RequestApi.swift in Sources */ = {isa = PBXBuildFile; fileRef = 0A7778022927D505008AF30B /* RequestApi.swift */; };
		0A7778052927D744008AF30B /* NetworkService.swift in Sources */ = {isa = PBXBuildFile; fileRef = 0A7778042927D744008AF30B /* NetworkService.swift */; };
		0A7778072927D86F008AF30B /* NetworkConfiguration.swift in Sources */ = {isa = PBXBuildFile; fileRef = 0A7778062927D86F008AF30B /* NetworkConfiguration.swift */; };
		0A7778092927DA1E008AF30B /* NetworkClient.swift in Sources */ = {isa = PBXBuildFile; fileRef = 0A7778082927DA1E008AF30B /* NetworkClient.swift */; };
		0A77780B2927DB22008AF30B /* NetworkError.swift in Sources */ = {isa = PBXBuildFile; fileRef = 0A77780A2927DB22008AF30B /* NetworkError.swift */; };
		0A7778152927E894008AF30B /* GetCurrenciesUseCase.swift in Sources */ = {isa = PBXBuildFile; fileRef = 0A7778142927E894008AF30B /* GetCurrenciesUseCase.swift */; };
		0A77781B2927EB01008AF30B /* CurrencyRateRepository.swift in Sources */ = {isa = PBXBuildFile; fileRef = 0A77781A2927EB01008AF30B /* CurrencyRateRepository.swift */; };
		0A77781D2927ECAF008AF30B /* AppError.swift in Sources */ = {isa = PBXBuildFile; fileRef = 0A77781C2927ECAF008AF30B /* AppError.swift */; };
		0A7778212928DEAA008AF30B /* CurrencyRateRemoteDataSource.swift in Sources */ = {isa = PBXBuildFile; fileRef = 0A7778202928DEAA008AF30B /* CurrencyRateRemoteDataSource.swift */; };
		0A7778232928E4EA008AF30B /* CurrencyRateApis.swift in Sources */ = {isa = PBXBuildFile; fileRef = 0A7778222928E4EA008AF30B /* CurrencyRateApis.swift */; };
		0A7778322929020D008AF30B /* CurrencyEntity.swift in Sources */ = {isa = PBXBuildFile; fileRef = 0A7778312929020D008AF30B /* CurrencyEntity.swift */; };
		0A77783529290BB9008AF30B /* DIConfiguration.swift in Sources */ = {isa = PBXBuildFile; fileRef = 0A77783429290BB9008AF30B /* DIConfiguration.swift */; };
		0A77783729291050008AF30B /* CurrencyRateLocalDataSource.swift in Sources */ = {isa = PBXBuildFile; fileRef = 0A77783629291050008AF30B /* CurrencyRateLocalDataSource.swift */; };
		0AB7D83A2929D59D0078084B /* SaveHistoryUseCase.swift in Sources */ = {isa = PBXBuildFile; fileRef = 0AB7D8392929D59D0078084B /* SaveHistoryUseCase.swift */; };
		0AB7D83E2929DD440078084B /* HistoryViewController.swift in Sources */ = {isa = PBXBuildFile; fileRef = 0AB7D83D2929DD440078084B /* HistoryViewController.swift */; };
		0AB7D8402929DD530078084B /* HistoryView.swift in Sources */ = {isa = PBXBuildFile; fileRef = 0AB7D83F2929DD530078084B /* HistoryView.swift */; };
		0AB7D8422929DD5F0078084B /* HistoryViewModel.swift in Sources */ = {isa = PBXBuildFile; fileRef = 0AB7D8412929DD5F0078084B /* HistoryViewModel.swift */; };
		0AEDD8EC2929E3E500FA485C /* HistoryCell.swift in Sources */ = {isa = PBXBuildFile; fileRef = 0AEDD8EB2929E3E500FA485C /* HistoryCell.swift */; };
		0AEDD8F02929E7B800FA485C /* History+TableView.swift in Sources */ = {isa = PBXBuildFile; fileRef = 0AEDD8EF2929E7B800FA485C /* History+TableView.swift */; };
		0AEDD8F42929E99100FA485C /* GetHistoryUseCase.swift in Sources */ = {isa = PBXBuildFile; fileRef = 0AEDD8F32929E99100FA485C /* GetHistoryUseCase.swift */; };
		0AEDD8F72929EA2600FA485C /* HistoryRepository.swift in Sources */ = {isa = PBXBuildFile; fileRef = 0AEDD8F62929EA2600FA485C /* HistoryRepository.swift */; };
		0AEDD8FB2929EAE300FA485C /* HistoryLocalDataSource.swift in Sources */ = {isa = PBXBuildFile; fileRef = 0AEDD8FA2929EAE300FA485C /* HistoryLocalDataSource.swift */; };
		0AEDD8FE2929F3E900FA485C /* Date+Ext.swift in Sources */ = {isa = PBXBuildFile; fileRef = 0AEDD8FD2929F3E900FA485C /* Date+Ext.swift */; };
		0AEDD9012929FB2100FA485C /* LatestRateModel.swift in Sources */ = {isa = PBXBuildFile; fileRef = 0AEDD9002929FB2100FA485C /* LatestRateModel.swift */; };
		0AEDD9032929FCE400FA485C /* GetLatestRateUseCase.swift in Sources */ = {isa = PBXBuildFile; fileRef = 0AEDD9022929FCE400FA485C /* GetLatestRateUseCase.swift */; };
		0AEDD904292A249600FA485C /* Date+Ext.swift in Sources */ = {isa = PBXBuildFile; fileRef = 0AEDD8FD2929F3E900FA485C /* Date+Ext.swift */; };
		0AEDD905292A249600FA485C /* Date+Ext.swift in Sources */ = {isa = PBXBuildFile; fileRef = 0AEDD8FD2929F3E900FA485C /* Date+Ext.swift */; };
		0AEDD906292A249C00FA485C /* History+TableView.swift in Sources */ = {isa = PBXBuildFile; fileRef = 0AEDD8EF2929E7B800FA485C /* History+TableView.swift */; };
		0AEDD907292A249D00FA485C /* History+TableView.swift in Sources */ = {isa = PBXBuildFile; fileRef = 0AEDD8EF2929E7B800FA485C /* History+TableView.swift */; };
		0AEDD908292A249F00FA485C /* HistoryViewModel.swift in Sources */ = {isa = PBXBuildFile; fileRef = 0AB7D8412929DD5F0078084B /* HistoryViewModel.swift */; };
		0AEDD909292A249F00FA485C /* HistoryViewModel.swift in Sources */ = {isa = PBXBuildFile; fileRef = 0AB7D8412929DD5F0078084B /* HistoryViewModel.swift */; };
		0AEDD90A292A24A200FA485C /* HistoryView.swift in Sources */ = {isa = PBXBuildFile; fileRef = 0AB7D83F2929DD530078084B /* HistoryView.swift */; };
		0AEDD90B292A24A200FA485C /* HistoryView.swift in Sources */ = {isa = PBXBuildFile; fileRef = 0AB7D83F2929DD530078084B /* HistoryView.swift */; };
		0AEDD90C292A24A400FA485C /* HistoryViewController.swift in Sources */ = {isa = PBXBuildFile; fileRef = 0AB7D83D2929DD440078084B /* HistoryViewController.swift */; };
		0AEDD90D292A24A500FA485C /* HistoryViewController.swift in Sources */ = {isa = PBXBuildFile; fileRef = 0AB7D83D2929DD440078084B /* HistoryViewController.swift */; };
		0AEDD90E292A24A800FA485C /* HistoryCell.swift in Sources */ = {isa = PBXBuildFile; fileRef = 0AEDD8EB2929E3E500FA485C /* HistoryCell.swift */; };
		0AEDD90F292A24A800FA485C /* HistoryCell.swift in Sources */ = {isa = PBXBuildFile; fileRef = 0AEDD8EB2929E3E500FA485C /* HistoryCell.swift */; };
		0AEDD910292A24AC00FA485C /* HistoryRepository.swift in Sources */ = {isa = PBXBuildFile; fileRef = 0AEDD8F62929EA2600FA485C /* HistoryRepository.swift */; };
		0AEDD911292A24AD00FA485C /* HistoryRepository.swift in Sources */ = {isa = PBXBuildFile; fileRef = 0AEDD8F62929EA2600FA485C /* HistoryRepository.swift */; };
		0AEDD912292A24AE00FA485C /* GetHistoryUseCase.swift in Sources */ = {isa = PBXBuildFile; fileRef = 0AEDD8F32929E99100FA485C /* GetHistoryUseCase.swift */; };
		0AEDD913292A24AF00FA485C /* GetHistoryUseCase.swift in Sources */ = {isa = PBXBuildFile; fileRef = 0AEDD8F32929E99100FA485C /* GetHistoryUseCase.swift */; };
		0AEDD914292A24B100FA485C /* GetLatestRateUseCase.swift in Sources */ = {isa = PBXBuildFile; fileRef = 0AEDD9022929FCE400FA485C /* GetLatestRateUseCase.swift */; };
		0AEDD915292A24B200FA485C /* GetLatestRateUseCase.swift in Sources */ = {isa = PBXBuildFile; fileRef = 0AEDD9022929FCE400FA485C /* GetLatestRateUseCase.swift */; };
		0AEDD916292A24B800FA485C /* HistoryLocalDataSource.swift in Sources */ = {isa = PBXBuildFile; fileRef = 0AEDD8FA2929EAE300FA485C /* HistoryLocalDataSource.swift */; };
		0AEDD917292A24B900FA485C /* HistoryLocalDataSource.swift in Sources */ = {isa = PBXBuildFile; fileRef = 0AEDD8FA2929EAE300FA485C /* HistoryLocalDataSource.swift */; };
		0AEDD918292A24BD00FA485C /* LatestRateModel.swift in Sources */ = {isa = PBXBuildFile; fileRef = 0AEDD9002929FB2100FA485C /* LatestRateModel.swift */; };
		0AEDD919292A24BE00FA485C /* LatestRateModel.swift in Sources */ = {isa = PBXBuildFile; fileRef = 0AEDD9002929FB2100FA485C /* LatestRateModel.swift */; };
		0AEDD91A292A255D00FA485C /* SaveHistoryUseCase.swift in Sources */ = {isa = PBXBuildFile; fileRef = 0AB7D8392929D59D0078084B /* SaveHistoryUseCase.swift */; };
		0AEDD91B292A255E00FA485C /* SaveHistoryUseCase.swift in Sources */ = {isa = PBXBuildFile; fileRef = 0AB7D8392929D59D0078084B /* SaveHistoryUseCase.swift */; };
		0AEDD922292A299900FA485C /* CurrencyRateRemoteDataSourceTests.swift in Sources */ = {isa = PBXBuildFile; fileRef = 0AEDD921292A299900FA485C /* CurrencyRateRemoteDataSourceTests.swift */; };
		0AEDD925292A29EC00FA485C /* NetworkClientMock.swift in Sources */ = {isa = PBXBuildFile; fileRef = 0AEDD924292A29EC00FA485C /* NetworkClientMock.swift */; };
		0AEDD927292A2AC300FA485C /* CurrencyRateRemoteDataSourceMock.swift in Sources */ = {isa = PBXBuildFile; fileRef = 0AEDD926292A2AC300FA485C /* CurrencyRateRemoteDataSourceMock.swift */; };
		0AEDD929292A2DCE00FA485C /* CurrencyRateRepositoryTests.swift in Sources */ = {isa = PBXBuildFile; fileRef = 0AEDD928292A2DCE00FA485C /* CurrencyRateRepositoryTests.swift */; };
		35A4CDF58AD4F355BDA69F60 /* Pods_CurrencyRate.framework in Frameworks */ = {isa = PBXBuildFile; fileRef = 7578C70CC10B2AD745546EE1 /* Pods_CurrencyRate.framework */; };
		5A40022A509938DAD58CF1BD /* Pods_CurrencyRate_CurrencyRateUITests.framework in Frameworks */ = {isa = PBXBuildFile; fileRef = C73F1CA94F66A891F4682206 /* Pods_CurrencyRate_CurrencyRateUITests.framework */; };
		83D41F0703F7D53BA502FC61 /* Pods_CurrencyRateTests.framework in Frameworks */ = {isa = PBXBuildFile; fileRef = 238C38A60170EA13D2196E8A /* Pods_CurrencyRateTests.framework */; };
/* End PBXBuildFile section */

/* Begin PBXContainerItemProxy section */
		0A1CC3042927682D00B63CBE /* PBXContainerItemProxy */ = {
			isa = PBXContainerItemProxy;
			containerPortal = 0A1CC2E52927682B00B63CBE /* Project object */;
			proxyType = 1;
			remoteGlobalIDString = 0A1CC2EC2927682B00B63CBE;
			remoteInfo = CurrencyRate;
		};
		0A1CC30E2927682D00B63CBE /* PBXContainerItemProxy */ = {
			isa = PBXContainerItemProxy;
			containerPortal = 0A1CC2E52927682B00B63CBE /* Project object */;
			proxyType = 1;
			remoteGlobalIDString = 0A1CC2EC2927682B00B63CBE;
			remoteInfo = CurrencyRate;
		};
/* End PBXContainerItemProxy section */

/* Begin PBXFileReference section */
		0431D48EE44BA731CCF0F1E7 /* Pods-CurrencyRateTests.release.xcconfig */ = {isa = PBXFileReference; includeInIndex = 1; lastKnownFileType = text.xcconfig; name = "Pods-CurrencyRateTests.release.xcconfig"; path = "Target Support Files/Pods-CurrencyRateTests/Pods-CurrencyRateTests.release.xcconfig"; sourceTree = "<group>"; };
		0A1CC2ED2927682B00B63CBE /* CurrencyRate.app */ = {isa = PBXFileReference; explicitFileType = wrapper.application; includeInIndex = 0; path = CurrencyRate.app; sourceTree = BUILT_PRODUCTS_DIR; };
		0A1CC2F02927682B00B63CBE /* AppDelegate.swift */ = {isa = PBXFileReference; lastKnownFileType = sourcecode.swift; path = AppDelegate.swift; sourceTree = "<group>"; };
		0A1CC2F22927682B00B63CBE /* SceneDelegate.swift */ = {isa = PBXFileReference; lastKnownFileType = sourcecode.swift; path = SceneDelegate.swift; sourceTree = "<group>"; };
		0A1CC2F92927682D00B63CBE /* Assets.xcassets */ = {isa = PBXFileReference; lastKnownFileType = folder.assetcatalog; path = Assets.xcassets; sourceTree = "<group>"; };
		0A1CC2FC2927682D00B63CBE /* Base */ = {isa = PBXFileReference; lastKnownFileType = file.storyboard; name = Base; path = Base.lproj/LaunchScreen.storyboard; sourceTree = "<group>"; };
		0A1CC2FE2927682D00B63CBE /* Info.plist */ = {isa = PBXFileReference; lastKnownFileType = text.plist.xml; path = Info.plist; sourceTree = "<group>"; };
		0A1CC3032927682D00B63CBE /* CurrencyRateTests.xctest */ = {isa = PBXFileReference; explicitFileType = wrapper.cfbundle; includeInIndex = 0; path = CurrencyRateTests.xctest; sourceTree = BUILT_PRODUCTS_DIR; };
		0A1CC3072927682D00B63CBE /* CurrencyRateTests.swift */ = {isa = PBXFileReference; lastKnownFileType = sourcecode.swift; path = CurrencyRateTests.swift; sourceTree = "<group>"; };
		0A1CC30D2927682D00B63CBE /* CurrencyRateUITests.xctest */ = {isa = PBXFileReference; explicitFileType = wrapper.cfbundle; includeInIndex = 0; path = CurrencyRateUITests.xctest; sourceTree = BUILT_PRODUCTS_DIR; };
		0A1CC3112927682D00B63CBE /* CurrencyRateUITests.swift */ = {isa = PBXFileReference; lastKnownFileType = sourcecode.swift; path = CurrencyRateUITests.swift; sourceTree = "<group>"; };
		0A1CC3132927682D00B63CBE /* CurrencyRateUITestsLaunchTests.swift */ = {isa = PBXFileReference; lastKnownFileType = sourcecode.swift; path = CurrencyRateUITestsLaunchTests.swift; sourceTree = "<group>"; };
		0A1CC3282927735F00B63CBE /* CurrencyRateViewController.swift */ = {isa = PBXFileReference; lastKnownFileType = sourcecode.swift; path = CurrencyRateViewController.swift; sourceTree = "<group>"; };
		0A1CC32A2927736F00B63CBE /* CurrencyRateView.swift */ = {isa = PBXFileReference; lastKnownFileType = sourcecode.swift; path = CurrencyRateView.swift; sourceTree = "<group>"; };
		0A1CC32C2927737700B63CBE /* CurrencyRateViewModel.swift */ = {isa = PBXFileReference; lastKnownFileType = sourcecode.swift; path = CurrencyRateViewModel.swift; sourceTree = "<group>"; };
		0A1CC32F292773E400B63CBE /* BaseViewModel.swift */ = {isa = PBXFileReference; fileEncoding = 4; lastKnownFileType = sourcecode.swift; path = BaseViewModel.swift; sourceTree = "<group>"; };
		0A1CC330292773E400B63CBE /* BaseViewController.swift */ = {isa = PBXFileReference; fileEncoding = 4; lastKnownFileType = sourcecode.swift; path = BaseViewController.swift; sourceTree = "<group>"; };
		0A1CC331292773E400B63CBE /* BaseView.swift */ = {isa = PBXFileReference; fileEncoding = 4; lastKnownFileType = sourcecode.swift; path = BaseView.swift; sourceTree = "<group>"; };
		0A1CC33D2927805E00B63CBE /* CurrencyPickerView.swift */ = {isa = PBXFileReference; lastKnownFileType = sourcecode.swift; path = CurrencyPickerView.swift; sourceTree = "<group>"; };
		0A39AF10292A2F560070813C /* CurrencyRateRepositoryMock.swift */ = {isa = PBXFileReference; lastKnownFileType = sourcecode.swift; path = CurrencyRateRepositoryMock.swift; sourceTree = "<group>"; };
		0A39AF12292A360E0070813C /* CurrencyRateUseCaseTests.swift */ = {isa = PBXFileReference; lastKnownFileType = sourcecode.swift; path = CurrencyRateUseCaseTests.swift; sourceTree = "<group>"; };
		0A39AF14292A37510070813C /* CurrenciesUseCaseMock.swift */ = {isa = PBXFileReference; lastKnownFileType = sourcecode.swift; path = CurrenciesUseCaseMock.swift; sourceTree = "<group>"; };
		0A39AF18292A40500070813C /* NetworkClientTests.swift */ = {isa = PBXFileReference; lastKnownFileType = sourcecode.swift; path = NetworkClientTests.swift; sourceTree = "<group>"; };
		0A39AF1A292A449C0070813C /* HistoryLocalDataSourceMock.swift */ = {isa = PBXFileReference; lastKnownFileType = sourcecode.swift; path = HistoryLocalDataSourceMock.swift; sourceTree = "<group>"; };
		0A39AF1C292A44EC0070813C /* HistoryRepositoryMock.swift */ = {isa = PBXFileReference; lastKnownFileType = sourcecode.swift; path = HistoryRepositoryMock.swift; sourceTree = "<group>"; };
		0A39AF1E292A45190070813C /* HistoryUseCaseMock.swift */ = {isa = PBXFileReference; lastKnownFileType = sourcecode.swift; path = HistoryUseCaseMock.swift; sourceTree = "<group>"; };
		0A39AF20292A45770070813C /* HistoryLocalDataSourceTests.swift */ = {isa = PBXFileReference; lastKnownFileType = sourcecode.swift; path = HistoryLocalDataSourceTests.swift; sourceTree = "<group>"; };
		0A39AF22292A45890070813C /* HistoryRepositoryTests.swift */ = {isa = PBXFileReference; lastKnownFileType = sourcecode.swift; path = HistoryRepositoryTests.swift; sourceTree = "<group>"; };
		0A39AF24292A45970070813C /* HistoryUseCaseTests.swift */ = {isa = PBXFileReference; lastKnownFileType = sourcecode.swift; path = HistoryUseCaseTests.swift; sourceTree = "<group>"; };
		0A61B6A429292B08003263FF /* CurrencyStorage.xcdatamodel */ = {isa = PBXFileReference; lastKnownFileType = wrapper.xcdatamodel; path = CurrencyStorage.xcdatamodel; sourceTree = "<group>"; };
		0A61B6A629292C8A003263FF /* LocalStorage.swift */ = {isa = PBXFileReference; lastKnownFileType = sourcecode.swift; path = LocalStorage.swift; sourceTree = "<group>"; };
		0A61B6A82929378F003263FF /* HistoryModel+CoreDataClass.swift */ = {isa = PBXFileReference; lastKnownFileType = sourcecode.swift; path = "HistoryModel+CoreDataClass.swift"; sourceTree = "<group>"; };
		0A61B6A92929378F003263FF /* HistoryModel+CoreDataProperties.swift */ = {isa = PBXFileReference; lastKnownFileType = sourcecode.swift; path = "HistoryModel+CoreDataProperties.swift"; sourceTree = "<group>"; };
		0A61B6AA2929378F003263FF /* CurrencyRateModel+CoreDataClass.swift */ = {isa = PBXFileReference; lastKnownFileType = sourcecode.swift; path = "CurrencyRateModel+CoreDataClass.swift"; sourceTree = "<group>"; };
		0A61B6AB2929378F003263FF /* CurrencyRateModel+CoreDataProperties.swift */ = {isa = PBXFileReference; lastKnownFileType = sourcecode.swift; path = "CurrencyRateModel+CoreDataProperties.swift"; sourceTree = "<group>"; };
		0A61B6AC2929378F003263FF /* CurrencyModel+CoreDataClass.swift */ = {isa = PBXFileReference; lastKnownFileType = sourcecode.swift; path = "CurrencyModel+CoreDataClass.swift"; sourceTree = "<group>"; };
		0A61B6AD2929378F003263FF /* CurrencyModel+CoreDataProperties.swift */ = {isa = PBXFileReference; lastKnownFileType = sourcecode.swift; path = "CurrencyModel+CoreDataProperties.swift"; sourceTree = "<group>"; };
		0A61B6B429293C7C003263FF /* SaveCurrencyRatesFromRemoteUseCase.swift */ = {isa = PBXFileReference; lastKnownFileType = sourcecode.swift; path = SaveCurrencyRatesFromRemoteUseCase.swift; sourceTree = "<group>"; };
		0A61B6B629293CE6003263FF /* GetCurrencyRateUseCase.swift */ = {isa = PBXFileReference; lastKnownFileType = sourcecode.swift; path = GetCurrencyRateUseCase.swift; sourceTree = "<group>"; };
		0A61B6B829293F60003263FF /* CurrencyRateEntity.swift */ = {isa = PBXFileReference; lastKnownFileType = sourcecode.swift; path = CurrencyRateEntity.swift; sourceTree = "<group>"; };
		0A7778022927D505008AF30B /* RequestApi.swift */ = {isa = PBXFileReference; lastKnownFileType = sourcecode.swift; path = RequestApi.swift; sourceTree = "<group>"; };
		0A7778042927D744008AF30B /* NetworkService.swift */ = {isa = PBXFileReference; lastKnownFileType = sourcecode.swift; path = NetworkService.swift; sourceTree = "<group>"; };
		0A7778062927D86F008AF30B /* NetworkConfiguration.swift */ = {isa = PBXFileReference; lastKnownFileType = sourcecode.swift; path = NetworkConfiguration.swift; sourceTree = "<group>"; };
		0A7778082927DA1E008AF30B /* NetworkClient.swift */ = {isa = PBXFileReference; lastKnownFileType = sourcecode.swift; path = NetworkClient.swift; sourceTree = "<group>"; };
		0A77780A2927DB22008AF30B /* NetworkError.swift */ = {isa = PBXFileReference; lastKnownFileType = sourcecode.swift; path = NetworkError.swift; sourceTree = "<group>"; };
		0A7778142927E894008AF30B /* GetCurrenciesUseCase.swift */ = {isa = PBXFileReference; lastKnownFileType = sourcecode.swift; path = GetCurrenciesUseCase.swift; sourceTree = "<group>"; };
		0A77781A2927EB01008AF30B /* CurrencyRateRepository.swift */ = {isa = PBXFileReference; lastKnownFileType = sourcecode.swift; path = CurrencyRateRepository.swift; sourceTree = "<group>"; };
		0A77781C2927ECAF008AF30B /* AppError.swift */ = {isa = PBXFileReference; lastKnownFileType = sourcecode.swift; path = AppError.swift; sourceTree = "<group>"; };
		0A7778202928DEAA008AF30B /* CurrencyRateRemoteDataSource.swift */ = {isa = PBXFileReference; lastKnownFileType = sourcecode.swift; path = CurrencyRateRemoteDataSource.swift; sourceTree = "<group>"; };
		0A7778222928E4EA008AF30B /* CurrencyRateApis.swift */ = {isa = PBXFileReference; lastKnownFileType = sourcecode.swift; path = CurrencyRateApis.swift; sourceTree = "<group>"; };
		0A7778312929020D008AF30B /* CurrencyEntity.swift */ = {isa = PBXFileReference; lastKnownFileType = sourcecode.swift; path = CurrencyEntity.swift; sourceTree = "<group>"; };
		0A77783429290BB9008AF30B /* DIConfiguration.swift */ = {isa = PBXFileReference; lastKnownFileType = sourcecode.swift; path = DIConfiguration.swift; sourceTree = "<group>"; };
		0A77783629291050008AF30B /* CurrencyRateLocalDataSource.swift */ = {isa = PBXFileReference; lastKnownFileType = sourcecode.swift; path = CurrencyRateLocalDataSource.swift; sourceTree = "<group>"; };
		0AB7D8392929D59D0078084B /* SaveHistoryUseCase.swift */ = {isa = PBXFileReference; lastKnownFileType = sourcecode.swift; path = SaveHistoryUseCase.swift; sourceTree = "<group>"; };
		0AB7D83D2929DD440078084B /* HistoryViewController.swift */ = {isa = PBXFileReference; lastKnownFileType = sourcecode.swift; path = HistoryViewController.swift; sourceTree = "<group>"; };
		0AB7D83F2929DD530078084B /* HistoryView.swift */ = {isa = PBXFileReference; lastKnownFileType = sourcecode.swift; path = HistoryView.swift; sourceTree = "<group>"; };
		0AB7D8412929DD5F0078084B /* HistoryViewModel.swift */ = {isa = PBXFileReference; lastKnownFileType = sourcecode.swift; path = HistoryViewModel.swift; sourceTree = "<group>"; };
		0AEDD8EB2929E3E500FA485C /* HistoryCell.swift */ = {isa = PBXFileReference; lastKnownFileType = sourcecode.swift; path = HistoryCell.swift; sourceTree = "<group>"; };
		0AEDD8EF2929E7B800FA485C /* History+TableView.swift */ = {isa = PBXFileReference; lastKnownFileType = sourcecode.swift; path = "History+TableView.swift"; sourceTree = "<group>"; };
		0AEDD8F32929E99100FA485C /* GetHistoryUseCase.swift */ = {isa = PBXFileReference; lastKnownFileType = sourcecode.swift; path = GetHistoryUseCase.swift; sourceTree = "<group>"; };
		0AEDD8F62929EA2600FA485C /* HistoryRepository.swift */ = {isa = PBXFileReference; lastKnownFileType = sourcecode.swift; path = HistoryRepository.swift; sourceTree = "<group>"; };
		0AEDD8FA2929EAE300FA485C /* HistoryLocalDataSource.swift */ = {isa = PBXFileReference; lastKnownFileType = sourcecode.swift; path = HistoryLocalDataSource.swift; sourceTree = "<group>"; };
		0AEDD8FD2929F3E900FA485C /* Date+Ext.swift */ = {isa = PBXFileReference; lastKnownFileType = sourcecode.swift; path = "Date+Ext.swift"; sourceTree = "<group>"; };
		0AEDD9002929FB2100FA485C /* LatestRateModel.swift */ = {isa = PBXFileReference; lastKnownFileType = sourcecode.swift; path = LatestRateModel.swift; sourceTree = "<group>"; };
		0AEDD9022929FCE400FA485C /* GetLatestRateUseCase.swift */ = {isa = PBXFileReference; lastKnownFileType = sourcecode.swift; path = GetLatestRateUseCase.swift; sourceTree = "<group>"; };
		0AEDD91C292A28CD00FA485C /* RxSwift.framework */ = {isa = PBXFileReference; explicitFileType = wrapper.framework; path = RxSwift.framework; sourceTree = BUILT_PRODUCTS_DIR; };
		0AEDD921292A299900FA485C /* CurrencyRateRemoteDataSourceTests.swift */ = {isa = PBXFileReference; lastKnownFileType = sourcecode.swift; path = CurrencyRateRemoteDataSourceTests.swift; sourceTree = "<group>"; };
		0AEDD924292A29EC00FA485C /* NetworkClientMock.swift */ = {isa = PBXFileReference; lastKnownFileType = sourcecode.swift; path = NetworkClientMock.swift; sourceTree = "<group>"; };
		0AEDD926292A2AC300FA485C /* CurrencyRateRemoteDataSourceMock.swift */ = {isa = PBXFileReference; lastKnownFileType = sourcecode.swift; path = CurrencyRateRemoteDataSourceMock.swift; sourceTree = "<group>"; };
		0AEDD928292A2DCE00FA485C /* CurrencyRateRepositoryTests.swift */ = {isa = PBXFileReference; lastKnownFileType = sourcecode.swift; path = CurrencyRateRepositoryTests.swift; sourceTree = "<group>"; };
		238C38A60170EA13D2196E8A /* Pods_CurrencyRateTests.framework */ = {isa = PBXFileReference; explicitFileType = wrapper.framework; includeInIndex = 0; path = Pods_CurrencyRateTests.framework; sourceTree = BUILT_PRODUCTS_DIR; };
		4387C545E0DB3E549DF84B63 /* Pods-CurrencyRate-CurrencyRateUITests.debug.xcconfig */ = {isa = PBXFileReference; includeInIndex = 1; lastKnownFileType = text.xcconfig; name = "Pods-CurrencyRate-CurrencyRateUITests.debug.xcconfig"; path = "Target Support Files/Pods-CurrencyRate-CurrencyRateUITests/Pods-CurrencyRate-CurrencyRateUITests.debug.xcconfig"; sourceTree = "<group>"; };
		4721512FF385562965BAF292 /* Pods-CurrencyRate-CurrencyRateUITests.release.xcconfig */ = {isa = PBXFileReference; includeInIndex = 1; lastKnownFileType = text.xcconfig; name = "Pods-CurrencyRate-CurrencyRateUITests.release.xcconfig"; path = "Target Support Files/Pods-CurrencyRate-CurrencyRateUITests/Pods-CurrencyRate-CurrencyRateUITests.release.xcconfig"; sourceTree = "<group>"; };
		7578C70CC10B2AD745546EE1 /* Pods_CurrencyRate.framework */ = {isa = PBXFileReference; explicitFileType = wrapper.framework; includeInIndex = 0; path = Pods_CurrencyRate.framework; sourceTree = BUILT_PRODUCTS_DIR; };
		A8D7E18689E066207077B6B6 /* Pods-CurrencyRate.debug.xcconfig */ = {isa = PBXFileReference; includeInIndex = 1; lastKnownFileType = text.xcconfig; name = "Pods-CurrencyRate.debug.xcconfig"; path = "Target Support Files/Pods-CurrencyRate/Pods-CurrencyRate.debug.xcconfig"; sourceTree = "<group>"; };
		AD1D7546B279BE3866E36A6E /* Pods-CurrencyRate.release.xcconfig */ = {isa = PBXFileReference; includeInIndex = 1; lastKnownFileType = text.xcconfig; name = "Pods-CurrencyRate.release.xcconfig"; path = "Target Support Files/Pods-CurrencyRate/Pods-CurrencyRate.release.xcconfig"; sourceTree = "<group>"; };
		C73F1CA94F66A891F4682206 /* Pods_CurrencyRate_CurrencyRateUITests.framework */ = {isa = PBXFileReference; explicitFileType = wrapper.framework; includeInIndex = 0; path = Pods_CurrencyRate_CurrencyRateUITests.framework; sourceTree = BUILT_PRODUCTS_DIR; };
		E9ED809BF4A5B763CD27DB95 /* Pods-CurrencyRateTests.debug.xcconfig */ = {isa = PBXFileReference; includeInIndex = 1; lastKnownFileType = text.xcconfig; name = "Pods-CurrencyRateTests.debug.xcconfig"; path = "Target Support Files/Pods-CurrencyRateTests/Pods-CurrencyRateTests.debug.xcconfig"; sourceTree = "<group>"; };
/* End PBXFileReference section */

/* Begin PBXFrameworksBuildPhase section */
		0A1CC2EA2927682B00B63CBE /* Frameworks */ = {
			isa = PBXFrameworksBuildPhase;
			buildActionMask = 2147483647;
			files = (
				0A1CC33C2927759000B63CBE /* IQKeyboardManagerSwift in Frameworks */,
				35A4CDF58AD4F355BDA69F60 /* Pods_CurrencyRate.framework in Frameworks */,
			);
			runOnlyForDeploymentPostprocessing = 0;
		};
		0A1CC3002927682D00B63CBE /* Frameworks */ = {
			isa = PBXFrameworksBuildPhase;
			buildActionMask = 2147483647;
			files = (
				0A61B7022929472F003263FF /* IQKeyboardManagerSwift in Frameworks */,
				83D41F0703F7D53BA502FC61 /* Pods_CurrencyRateTests.framework in Frameworks */,
			);
			runOnlyForDeploymentPostprocessing = 0;
		};
		0A1CC30A2927682D00B63CBE /* Frameworks */ = {
			isa = PBXFrameworksBuildPhase;
			buildActionMask = 2147483647;
			files = (
				5A40022A509938DAD58CF1BD /* Pods_CurrencyRate_CurrencyRateUITests.framework in Frameworks */,
			);
			runOnlyForDeploymentPostprocessing = 0;
		};
/* End PBXFrameworksBuildPhase section */

/* Begin PBXGroup section */
		0A1CC2E42927682B00B63CBE = {
			isa = PBXGroup;
			children = (
				0A1CC2EF2927682B00B63CBE /* CurrencyRate */,
				0A1CC3062927682D00B63CBE /* CurrencyRateTests */,
				0A1CC3102927682D00B63CBE /* CurrencyRateUITests */,
				0A1CC2EE2927682B00B63CBE /* Products */,
				1BD17AB1777189FA3F3C800D /* Pods */,
				61B67A81A03C53C68A10BF54 /* Frameworks */,
			);
			sourceTree = "<group>";
		};
		0A1CC2EE2927682B00B63CBE /* Products */ = {
			isa = PBXGroup;
			children = (
				0A1CC2ED2927682B00B63CBE /* CurrencyRate.app */,
				0A1CC3032927682D00B63CBE /* CurrencyRateTests.xctest */,
				0A1CC30D2927682D00B63CBE /* CurrencyRateUITests.xctest */,
			);
			name = Products;
			sourceTree = "<group>";
		};
		0A1CC2EF2927682B00B63CBE /* CurrencyRate */ = {
			isa = PBXGroup;
			children = (
				0AEDD8FC2929F3D500FA485C /* Extension */,
				0A1CC3232927725200B63CBE /* Modules */,
				0A1CC3222927724300B63CBE /* Core */,
				0A1CC32129276A4A00B63CBE /* Support */,
			);
			path = CurrencyRate;
			sourceTree = "<group>";
		};
		0A1CC3062927682D00B63CBE /* CurrencyRateTests */ = {
			isa = PBXGroup;
			children = (
				0AEDD91E292A296500FA485C /* Features */,
				0A1CC3072927682D00B63CBE /* CurrencyRateTests.swift */,
			);
			path = CurrencyRateTests;
			sourceTree = "<group>";
		};
		0A1CC3102927682D00B63CBE /* CurrencyRateUITests */ = {
			isa = PBXGroup;
			children = (
				0A1CC3112927682D00B63CBE /* CurrencyRateUITests.swift */,
				0A1CC3132927682D00B63CBE /* CurrencyRateUITestsLaunchTests.swift */,
			);
			path = CurrencyRateUITests;
			sourceTree = "<group>";
		};
		0A1CC32129276A4A00B63CBE /* Support */ = {
			isa = PBXGroup;
			children = (
				0A1CC2F02927682B00B63CBE /* AppDelegate.swift */,
				0A1CC2F92927682D00B63CBE /* Assets.xcassets */,
				0A1CC2FB2927682D00B63CBE /* LaunchScreen.storyboard */,
				0A1CC2FE2927682D00B63CBE /* Info.plist */,
				0A1CC2F22927682B00B63CBE /* SceneDelegate.swift */,
			);
			name = Support;
			sourceTree = "<group>";
		};
		0A1CC3222927724300B63CBE /* Core */ = {
			isa = PBXGroup;
			children = (
				0A77783A29292AC3008AF30B /* LocalStorage */,
				0A77783329290BA0008AF30B /* Config */,
				0A7778012927D4F6008AF30B /* Networking */,
				0A1CC32E292773B100B63CBE /* Base */,
			);
			path = Core;
			sourceTree = "<group>";
		};
		0A1CC3232927725200B63CBE /* Modules */ = {
			isa = PBXGroup;
			children = (
				0A1CC324292772EA00B63CBE /* Currency */,
			);
			path = Modules;
			sourceTree = "<group>";
		};
		0A1CC324292772EA00B63CBE /* Currency */ = {
			isa = PBXGroup;
			children = (
				0A1CC325292772F300B63CBE /* Features */,
			);
			path = Currency;
			sourceTree = "<group>";
		};
		0A1CC325292772F300B63CBE /* Features */ = {
			isa = PBXGroup;
			children = (
				0AB7D83B2929DD220078084B /* History */,
				0A1CC3262927733800B63CBE /* CurrencyRate */,
			);
			path = Features;
			sourceTree = "<group>";
		};
		0A1CC3262927733800B63CBE /* CurrencyRate */ = {
			isa = PBXGroup;
			children = (
				0A7778182927EAE4008AF30B /* Data */,
				0A77780C2927E067008AF30B /* Domain */,
				0A1CC3272927734300B63CBE /* Presentation */,
			);
			path = CurrencyRate;
			sourceTree = "<group>";
		};
		0A1CC3272927734300B63CBE /* Presentation */ = {
			isa = PBXGroup;
			children = (
				0A1CC33D2927805E00B63CBE /* CurrencyPickerView.swift */,
				0A1CC3282927735F00B63CBE /* CurrencyRateViewController.swift */,
				0A1CC32A2927736F00B63CBE /* CurrencyRateView.swift */,
				0A1CC32C2927737700B63CBE /* CurrencyRateViewModel.swift */,
			);
			path = Presentation;
			sourceTree = "<group>";
		};
		0A1CC32E292773B100B63CBE /* Base */ = {
			isa = PBXGroup;
			children = (
				0A1CC331292773E400B63CBE /* BaseView.swift */,
				0A1CC330292773E400B63CBE /* BaseViewController.swift */,
				0A1CC32F292773E400B63CBE /* BaseViewModel.swift */,
				0A77781C2927ECAF008AF30B /* AppError.swift */,
			);
			path = Base;
			sourceTree = "<group>";
		};
		0A39AF16292A3D420070813C /* History */ = {
			isa = PBXGroup;
			children = (
				0A39AF17292A3FAE0070813C /* MOCK */,
				0A39AF20292A45770070813C /* HistoryLocalDataSourceTests.swift */,
				0A39AF22292A45890070813C /* HistoryRepositoryTests.swift */,
				0A39AF24292A45970070813C /* HistoryUseCaseTests.swift */,
			);
			path = History;
			sourceTree = "<group>";
		};
		0A39AF17292A3FAE0070813C /* MOCK */ = {
			isa = PBXGroup;
			children = (
				0A39AF1A292A449C0070813C /* HistoryLocalDataSourceMock.swift */,
				0A39AF1C292A44EC0070813C /* HistoryRepositoryMock.swift */,
				0A39AF1E292A45190070813C /* HistoryUseCaseMock.swift */,
			);
			path = MOCK;
			sourceTree = "<group>";
		};
		0A61B7032929C1C6003263FF /* Models */ = {
			isa = PBXGroup;
			children = (
				0A61B6A82929378F003263FF /* HistoryModel+CoreDataClass.swift */,
				0A61B6A92929378F003263FF /* HistoryModel+CoreDataProperties.swift */,
				0A61B6AA2929378F003263FF /* CurrencyRateModel+CoreDataClass.swift */,
				0A61B6AB2929378F003263FF /* CurrencyRateModel+CoreDataProperties.swift */,
				0A61B6AC2929378F003263FF /* CurrencyModel+CoreDataClass.swift */,
				0A61B6AD2929378F003263FF /* CurrencyModel+CoreDataProperties.swift */,
			);
			name = Models;
			sourceTree = "<group>";
		};
		0A7778012927D4F6008AF30B /* Networking */ = {
			isa = PBXGroup;
			children = (
				0A7778022927D505008AF30B /* RequestApi.swift */,
				0A7778042927D744008AF30B /* NetworkService.swift */,
				0A7778062927D86F008AF30B /* NetworkConfiguration.swift */,
				0A7778082927DA1E008AF30B /* NetworkClient.swift */,
				0A77780A2927DB22008AF30B /* NetworkError.swift */,
			);
			path = Networking;
			sourceTree = "<group>";
		};
		0A77780C2927E067008AF30B /* Domain */ = {
			isa = PBXGroup;
			children = (
				0A7778192927EAEA008AF30B /* Repository */,
				0A7778132927E87E008AF30B /* UseCase */,
			);
			path = Domain;
			sourceTree = "<group>";
		};
		0A7778132927E87E008AF30B /* UseCase */ = {
			isa = PBXGroup;
			children = (
				0A7778142927E894008AF30B /* GetCurrenciesUseCase.swift */,
				0A61B6B429293C7C003263FF /* SaveCurrencyRatesFromRemoteUseCase.swift */,
				0A61B6B629293CE6003263FF /* GetCurrencyRateUseCase.swift */,
				0AB7D8392929D59D0078084B /* SaveHistoryUseCase.swift */,
			);
			path = UseCase;
			sourceTree = "<group>";
		};
		0A7778182927EAE4008AF30B /* Data */ = {
			isa = PBXGroup;
			children = (
				0A777830292901D9008AF30B /* Entity */,
				0A77781F2928DE81008AF30B /* DataSource */,
				0A7778222928E4EA008AF30B /* CurrencyRateApis.swift */,
			);
			path = Data;
			sourceTree = "<group>";
		};
		0A7778192927EAEA008AF30B /* Repository */ = {
			isa = PBXGroup;
			children = (
				0A77781A2927EB01008AF30B /* CurrencyRateRepository.swift */,
			);
			path = Repository;
			sourceTree = "<group>";
		};
		0A77781F2928DE81008AF30B /* DataSource */ = {
			isa = PBXGroup;
			children = (
				0A7778202928DEAA008AF30B /* CurrencyRateRemoteDataSource.swift */,
				0A77783629291050008AF30B /* CurrencyRateLocalDataSource.swift */,
			);
			path = DataSource;
			sourceTree = "<group>";
		};
		0A777830292901D9008AF30B /* Entity */ = {
			isa = PBXGroup;
			children = (
				0A7778312929020D008AF30B /* CurrencyEntity.swift */,
				0A61B6B829293F60003263FF /* CurrencyRateEntity.swift */,
			);
			path = Entity;
			sourceTree = "<group>";
		};
		0A77783329290BA0008AF30B /* Config */ = {
			isa = PBXGroup;
			children = (
				0A77783429290BB9008AF30B /* DIConfiguration.swift */,
			);
			path = Config;
			sourceTree = "<group>";
		};
		0A77783A29292AC3008AF30B /* LocalStorage */ = {
			isa = PBXGroup;
			children = (
				0A61B7032929C1C6003263FF /* Models */,
				0A61B6A329292B08003263FF /* CurrencyStorage.xcdatamodeld */,
				0A61B6A629292C8A003263FF /* LocalStorage.swift */,
			);
			path = LocalStorage;
			sourceTree = "<group>";
		};
		0AB7D83B2929DD220078084B /* History */ = {
			isa = PBXGroup;
			children = (
				0AEDD8FF2929FB1400FA485C /* Model */,
				0AEDD8F82929EABE00FA485C /* Data */,
				0AEDD8F12929E97500FA485C /* Domain */,
				0AB7D83C2929DD310078084B /* Presentation */,
			);
			path = History;
			sourceTree = "<group>";
		};
		0AB7D83C2929DD310078084B /* Presentation */ = {
			isa = PBXGroup;
			children = (
				0AB7D8432929E3B70078084B /* Cell */,
				0AB7D83D2929DD440078084B /* HistoryViewController.swift */,
				0AB7D83F2929DD530078084B /* HistoryView.swift */,
				0AB7D8412929DD5F0078084B /* HistoryViewModel.swift */,
				0AEDD8EF2929E7B800FA485C /* History+TableView.swift */,
			);
			path = Presentation;
			sourceTree = "<group>";
		};
		0AB7D8432929E3B70078084B /* Cell */ = {
			isa = PBXGroup;
			children = (
				0AEDD8EB2929E3E500FA485C /* HistoryCell.swift */,
			);
			path = Cell;
			sourceTree = "<group>";
		};
		0AEDD8F12929E97500FA485C /* Domain */ = {
			isa = PBXGroup;
			children = (
				0AEDD8F52929EA0800FA485C /* Repository */,
				0AEDD8F22929E97B00FA485C /* UseCase */,
			);
			path = Domain;
			sourceTree = "<group>";
		};
		0AEDD8F22929E97B00FA485C /* UseCase */ = {
			isa = PBXGroup;
			children = (
				0AEDD8F32929E99100FA485C /* GetHistoryUseCase.swift */,
				0AEDD9022929FCE400FA485C /* GetLatestRateUseCase.swift */,
			);
			path = UseCase;
			sourceTree = "<group>";
		};
		0AEDD8F52929EA0800FA485C /* Repository */ = {
			isa = PBXGroup;
			children = (
				0AEDD8F62929EA2600FA485C /* HistoryRepository.swift */,
			);
			path = Repository;
			sourceTree = "<group>";
		};
		0AEDD8F82929EABE00FA485C /* Data */ = {
			isa = PBXGroup;
			children = (
				0AEDD8F92929EACF00FA485C /* DataSource */,
			);
			path = Data;
			sourceTree = "<group>";
		};
		0AEDD8F92929EACF00FA485C /* DataSource */ = {
			isa = PBXGroup;
			children = (
				0AEDD8FA2929EAE300FA485C /* HistoryLocalDataSource.swift */,
			);
			path = DataSource;
			sourceTree = "<group>";
		};
		0AEDD8FC2929F3D500FA485C /* Extension */ = {
			isa = PBXGroup;
			children = (
				0AEDD8FD2929F3E900FA485C /* Date+Ext.swift */,
			);
			path = Extension;
			sourceTree = "<group>";
		};
		0AEDD8FF2929FB1400FA485C /* Model */ = {
			isa = PBXGroup;
			children = (
				0AEDD9002929FB2100FA485C /* LatestRateModel.swift */,
			);
			path = Model;
			sourceTree = "<group>";
		};
		0AEDD91E292A296500FA485C /* Features */ = {
			isa = PBXGroup;
			children = (
				0A39AF16292A3D420070813C /* History */,
				0AEDD91F292A296C00FA485C /* CurrencyRate */,
			);
			path = Features;
			sourceTree = "<group>";
		};
		0AEDD91F292A296C00FA485C /* CurrencyRate */ = {
			isa = PBXGroup;
			children = (
				0AEDD921292A299900FA485C /* CurrencyRateRemoteDataSourceTests.swift */,
				0AEDD928292A2DCE00FA485C /* CurrencyRateRepositoryTests.swift */,
				0AEDD923292A29D900FA485C /* MOCK */,
				0A39AF12292A360E0070813C /* CurrencyRateUseCaseTests.swift */,
				0A39AF18292A40500070813C /* NetworkClientTests.swift */,
			);
			path = CurrencyRate;
			sourceTree = "<group>";
		};
		0AEDD923292A29D900FA485C /* MOCK */ = {
			isa = PBXGroup;
			children = (
				0AEDD924292A29EC00FA485C /* NetworkClientMock.swift */,
				0AEDD926292A2AC300FA485C /* CurrencyRateRemoteDataSourceMock.swift */,
				0A39AF10292A2F560070813C /* CurrencyRateRepositoryMock.swift */,
				0A39AF14292A37510070813C /* CurrenciesUseCaseMock.swift */,
			);
			path = MOCK;
			sourceTree = "<group>";
		};
		1BD17AB1777189FA3F3C800D /* Pods */ = {
			isa = PBXGroup;
			children = (
				A8D7E18689E066207077B6B6 /* Pods-CurrencyRate.debug.xcconfig */,
				AD1D7546B279BE3866E36A6E /* Pods-CurrencyRate.release.xcconfig */,
				4387C545E0DB3E549DF84B63 /* Pods-CurrencyRate-CurrencyRateUITests.debug.xcconfig */,
				4721512FF385562965BAF292 /* Pods-CurrencyRate-CurrencyRateUITests.release.xcconfig */,
				E9ED809BF4A5B763CD27DB95 /* Pods-CurrencyRateTests.debug.xcconfig */,
				0431D48EE44BA731CCF0F1E7 /* Pods-CurrencyRateTests.release.xcconfig */,
			);
			path = Pods;
			sourceTree = "<group>";
		};
		61B67A81A03C53C68A10BF54 /* Frameworks */ = {
			isa = PBXGroup;
			children = (
				0AEDD91C292A28CD00FA485C /* RxSwift.framework */,
				7578C70CC10B2AD745546EE1 /* Pods_CurrencyRate.framework */,
				C73F1CA94F66A891F4682206 /* Pods_CurrencyRate_CurrencyRateUITests.framework */,
				238C38A60170EA13D2196E8A /* Pods_CurrencyRateTests.framework */,
			);
			name = Frameworks;
			sourceTree = "<group>";
		};
/* End PBXGroup section */

/* Begin PBXNativeTarget section */
		0A1CC2EC2927682B00B63CBE /* CurrencyRate */ = {
			isa = PBXNativeTarget;
			buildConfigurationList = 0A1CC3172927682D00B63CBE /* Build configuration list for PBXNativeTarget "CurrencyRate" */;
			buildPhases = (
				253EAFADA06AA3051AD398CA /* [CP] Check Pods Manifest.lock */,
				0A1CC2E92927682B00B63CBE /* Sources */,
				0A1CC2EA2927682B00B63CBE /* Frameworks */,
				0A1CC2EB2927682B00B63CBE /* Resources */,
				0A1CC32029276A1300B63CBE /* ShellScript */,
				398C78C6C235B031889B1C95 /* [CP] Embed Pods Frameworks */,
			);
			buildRules = (
			);
			dependencies = (
			);
			name = CurrencyRate;
			packageProductDependencies = (
				0A1CC33B2927759000B63CBE /* IQKeyboardManagerSwift */,
			);
			productName = CurrencyRate;
			productReference = 0A1CC2ED2927682B00B63CBE /* CurrencyRate.app */;
			productType = "com.apple.product-type.application";
		};
		0A1CC3022927682D00B63CBE /* CurrencyRateTests */ = {
			isa = PBXNativeTarget;
			buildConfigurationList = 0A1CC31A2927682D00B63CBE /* Build configuration list for PBXNativeTarget "CurrencyRateTests" */;
			buildPhases = (
				E696C32FF419AD1F9EFCD326 /* [CP] Check Pods Manifest.lock */,
				0A1CC2FF2927682D00B63CBE /* Sources */,
				0A1CC3002927682D00B63CBE /* Frameworks */,
				0A1CC3012927682D00B63CBE /* Resources */,
				12A637973130D3685EE85216 /* [CP] Embed Pods Frameworks */,
			);
			buildRules = (
			);
			dependencies = (
				0A1CC3052927682D00B63CBE /* PBXTargetDependency */,
			);
			name = CurrencyRateTests;
			packageProductDependencies = (
				0A61B7012929472F003263FF /* IQKeyboardManagerSwift */,
			);
			productName = CurrencyRateTests;
			productReference = 0A1CC3032927682D00B63CBE /* CurrencyRateTests.xctest */;
			productType = "com.apple.product-type.bundle.unit-test";
		};
		0A1CC30C2927682D00B63CBE /* CurrencyRateUITests */ = {
			isa = PBXNativeTarget;
			buildConfigurationList = 0A1CC31D2927682D00B63CBE /* Build configuration list for PBXNativeTarget "CurrencyRateUITests" */;
			buildPhases = (
				C40BFA2177A6D4B0C476AB54 /* [CP] Check Pods Manifest.lock */,
				0A1CC3092927682D00B63CBE /* Sources */,
				0A1CC30A2927682D00B63CBE /* Frameworks */,
				0A1CC30B2927682D00B63CBE /* Resources */,
				9949FFA12DA35F317AFC5017 /* [CP] Embed Pods Frameworks */,
			);
			buildRules = (
			);
			dependencies = (
				0A1CC30F2927682D00B63CBE /* PBXTargetDependency */,
			);
			name = CurrencyRateUITests;
			productName = CurrencyRateUITests;
			productReference = 0A1CC30D2927682D00B63CBE /* CurrencyRateUITests.xctest */;
			productType = "com.apple.product-type.bundle.ui-testing";
		};
/* End PBXNativeTarget section */

/* Begin PBXProject section */
		0A1CC2E52927682B00B63CBE /* Project object */ = {
			isa = PBXProject;
			attributes = {
				BuildIndependentTargetsInParallel = 1;
				LastSwiftUpdateCheck = 1410;
				LastUpgradeCheck = 1410;
				TargetAttributes = {
					0A1CC2EC2927682B00B63CBE = {
						CreatedOnToolsVersion = 14.1;
					};
					0A1CC3022927682D00B63CBE = {
						CreatedOnToolsVersion = 14.1;
						TestTargetID = 0A1CC2EC2927682B00B63CBE;
					};
					0A1CC30C2927682D00B63CBE = {
						CreatedOnToolsVersion = 14.1;
						TestTargetID = 0A1CC2EC2927682B00B63CBE;
					};
				};
			};
			buildConfigurationList = 0A1CC2E82927682B00B63CBE /* Build configuration list for PBXProject "CurrencyRate" */;
			compatibilityVersion = "Xcode 14.0";
			developmentRegion = en;
			hasScannedForEncodings = 0;
			knownRegions = (
				en,
				Base,
			);
			mainGroup = 0A1CC2E42927682B00B63CBE;
			packageReferences = (
				0A1CC33A2927759000B63CBE /* XCRemoteSwiftPackageReference "IQKeyboardManager" */,
			);
			productRefGroup = 0A1CC2EE2927682B00B63CBE /* Products */;
			projectDirPath = "";
			projectRoot = "";
			targets = (
				0A1CC2EC2927682B00B63CBE /* CurrencyRate */,
				0A1CC3022927682D00B63CBE /* CurrencyRateTests */,
				0A1CC30C2927682D00B63CBE /* CurrencyRateUITests */,
			);
		};
/* End PBXProject section */

/* Begin PBXResourcesBuildPhase section */
		0A1CC2EB2927682B00B63CBE /* Resources */ = {
			isa = PBXResourcesBuildPhase;
			buildActionMask = 2147483647;
			files = (
				0A1CC2FD2927682D00B63CBE /* LaunchScreen.storyboard in Resources */,
				0A1CC2FA2927682D00B63CBE /* Assets.xcassets in Resources */,
			);
			runOnlyForDeploymentPostprocessing = 0;
		};
		0A1CC3012927682D00B63CBE /* Resources */ = {
			isa = PBXResourcesBuildPhase;
			buildActionMask = 2147483647;
			files = (
			);
			runOnlyForDeploymentPostprocessing = 0;
		};
		0A1CC30B2927682D00B63CBE /* Resources */ = {
			isa = PBXResourcesBuildPhase;
			buildActionMask = 2147483647;
			files = (
			);
			runOnlyForDeploymentPostprocessing = 0;
		};
/* End PBXResourcesBuildPhase section */

/* Begin PBXShellScriptBuildPhase section */
		0A1CC32029276A1300B63CBE /* ShellScript */ = {
			isa = PBXShellScriptBuildPhase;
			buildActionMask = 2147483647;
			files = (
			);
			inputFileListPaths = (
			);
			inputPaths = (
			);
			outputFileListPaths = (
			);
			outputPaths = (
			);
			runOnlyForDeploymentPostprocessing = 0;
			shellPath = /bin/sh;
			shellScript = "\"${PODS_ROOT}/SwiftLint/swiftlint\"\n";
		};
		12A637973130D3685EE85216 /* [CP] Embed Pods Frameworks */ = {
			isa = PBXShellScriptBuildPhase;
			buildActionMask = 2147483647;
			files = (
			);
			inputFileListPaths = (
				"${PODS_ROOT}/Target Support Files/Pods-CurrencyRateTests/Pods-CurrencyRateTests-frameworks-${CONFIGURATION}-input-files.xcfilelist",
			);
			name = "[CP] Embed Pods Frameworks";
			outputFileListPaths = (
				"${PODS_ROOT}/Target Support Files/Pods-CurrencyRateTests/Pods-CurrencyRateTests-frameworks-${CONFIGURATION}-output-files.xcfilelist",
			);
			runOnlyForDeploymentPostprocessing = 0;
			shellPath = /bin/sh;
			shellScript = "\"${PODS_ROOT}/Target Support Files/Pods-CurrencyRateTests/Pods-CurrencyRateTests-frameworks.sh\"\n";
			showEnvVarsInLog = 0;
		};
		253EAFADA06AA3051AD398CA /* [CP] Check Pods Manifest.lock */ = {
			isa = PBXShellScriptBuildPhase;
			buildActionMask = 2147483647;
			files = (
			);
			inputFileListPaths = (
			);
			inputPaths = (
				"${PODS_PODFILE_DIR_PATH}/Podfile.lock",
				"${PODS_ROOT}/Manifest.lock",
			);
			name = "[CP] Check Pods Manifest.lock";
			outputFileListPaths = (
			);
			outputPaths = (
				"$(DERIVED_FILE_DIR)/Pods-CurrencyRate-checkManifestLockResult.txt",
			);
			runOnlyForDeploymentPostprocessing = 0;
			shellPath = /bin/sh;
			shellScript = "diff \"${PODS_PODFILE_DIR_PATH}/Podfile.lock\" \"${PODS_ROOT}/Manifest.lock\" > /dev/null\nif [ $? != 0 ] ; then\n    # print error to STDERR\n    echo \"error: The sandbox is not in sync with the Podfile.lock. Run 'pod install' or update your CocoaPods installation.\" >&2\n    exit 1\nfi\n# This output is used by Xcode 'outputs' to avoid re-running this script phase.\necho \"SUCCESS\" > \"${SCRIPT_OUTPUT_FILE_0}\"\n";
			showEnvVarsInLog = 0;
		};
		398C78C6C235B031889B1C95 /* [CP] Embed Pods Frameworks */ = {
			isa = PBXShellScriptBuildPhase;
			buildActionMask = 2147483647;
			files = (
			);
			inputFileListPaths = (
				"${PODS_ROOT}/Target Support Files/Pods-CurrencyRate/Pods-CurrencyRate-frameworks-${CONFIGURATION}-input-files.xcfilelist",
			);
			name = "[CP] Embed Pods Frameworks";
			outputFileListPaths = (
				"${PODS_ROOT}/Target Support Files/Pods-CurrencyRate/Pods-CurrencyRate-frameworks-${CONFIGURATION}-output-files.xcfilelist",
			);
			runOnlyForDeploymentPostprocessing = 0;
			shellPath = /bin/sh;
			shellScript = "\"${PODS_ROOT}/Target Support Files/Pods-CurrencyRate/Pods-CurrencyRate-frameworks.sh\"\n";
			showEnvVarsInLog = 0;
		};
		9949FFA12DA35F317AFC5017 /* [CP] Embed Pods Frameworks */ = {
			isa = PBXShellScriptBuildPhase;
			buildActionMask = 2147483647;
			files = (
			);
			inputFileListPaths = (
				"${PODS_ROOT}/Target Support Files/Pods-CurrencyRate-CurrencyRateUITests/Pods-CurrencyRate-CurrencyRateUITests-frameworks-${CONFIGURATION}-input-files.xcfilelist",
			);
			name = "[CP] Embed Pods Frameworks";
			outputFileListPaths = (
				"${PODS_ROOT}/Target Support Files/Pods-CurrencyRate-CurrencyRateUITests/Pods-CurrencyRate-CurrencyRateUITests-frameworks-${CONFIGURATION}-output-files.xcfilelist",
			);
			runOnlyForDeploymentPostprocessing = 0;
			shellPath = /bin/sh;
			shellScript = "\"${PODS_ROOT}/Target Support Files/Pods-CurrencyRate-CurrencyRateUITests/Pods-CurrencyRate-CurrencyRateUITests-frameworks.sh\"\n";
			showEnvVarsInLog = 0;
		};
		C40BFA2177A6D4B0C476AB54 /* [CP] Check Pods Manifest.lock */ = {
			isa = PBXShellScriptBuildPhase;
			buildActionMask = 2147483647;
			files = (
			);
			inputFileListPaths = (
			);
			inputPaths = (
				"${PODS_PODFILE_DIR_PATH}/Podfile.lock",
				"${PODS_ROOT}/Manifest.lock",
			);
			name = "[CP] Check Pods Manifest.lock";
			outputFileListPaths = (
			);
			outputPaths = (
				"$(DERIVED_FILE_DIR)/Pods-CurrencyRate-CurrencyRateUITests-checkManifestLockResult.txt",
			);
			runOnlyForDeploymentPostprocessing = 0;
			shellPath = /bin/sh;
			shellScript = "diff \"${PODS_PODFILE_DIR_PATH}/Podfile.lock\" \"${PODS_ROOT}/Manifest.lock\" > /dev/null\nif [ $? != 0 ] ; then\n    # print error to STDERR\n    echo \"error: The sandbox is not in sync with the Podfile.lock. Run 'pod install' or update your CocoaPods installation.\" >&2\n    exit 1\nfi\n# This output is used by Xcode 'outputs' to avoid re-running this script phase.\necho \"SUCCESS\" > \"${SCRIPT_OUTPUT_FILE_0}\"\n";
			showEnvVarsInLog = 0;
		};
		E696C32FF419AD1F9EFCD326 /* [CP] Check Pods Manifest.lock */ = {
			isa = PBXShellScriptBuildPhase;
			buildActionMask = 2147483647;
			files = (
			);
			inputFileListPaths = (
			);
			inputPaths = (
				"${PODS_PODFILE_DIR_PATH}/Podfile.lock",
				"${PODS_ROOT}/Manifest.lock",
			);
			name = "[CP] Check Pods Manifest.lock";
			outputFileListPaths = (
			);
			outputPaths = (
				"$(DERIVED_FILE_DIR)/Pods-CurrencyRateTests-checkManifestLockResult.txt",
			);
			runOnlyForDeploymentPostprocessing = 0;
			shellPath = /bin/sh;
			shellScript = "diff \"${PODS_PODFILE_DIR_PATH}/Podfile.lock\" \"${PODS_ROOT}/Manifest.lock\" > /dev/null\nif [ $? != 0 ] ; then\n    # print error to STDERR\n    echo \"error: The sandbox is not in sync with the Podfile.lock. Run 'pod install' or update your CocoaPods installation.\" >&2\n    exit 1\nfi\n# This output is used by Xcode 'outputs' to avoid re-running this script phase.\necho \"SUCCESS\" > \"${SCRIPT_OUTPUT_FILE_0}\"\n";
			showEnvVarsInLog = 0;
		};
/* End PBXShellScriptBuildPhase section */

/* Begin PBXSourcesBuildPhase section */
		0A1CC2E92927682B00B63CBE /* Sources */ = {
			isa = PBXSourcesBuildPhase;
			buildActionMask = 2147483647;
			files = (
				0A7778052927D744008AF30B /* NetworkService.swift in Sources */,
				0A7778232928E4EA008AF30B /* CurrencyRateApis.swift in Sources */,
				0A77780B2927DB22008AF30B /* NetworkError.swift in Sources */,
				0A77783529290BB9008AF30B /* DIConfiguration.swift in Sources */,
				0A77781D2927ECAF008AF30B /* AppError.swift in Sources */,
				0A1CC2F12927682B00B63CBE /* AppDelegate.swift in Sources */,
				0A1CC33E2927805E00B63CBE /* CurrencyPickerView.swift in Sources */,
				0A7778152927E894008AF30B /* GetCurrenciesUseCase.swift in Sources */,
				0A7778032927D505008AF30B /* RequestApi.swift in Sources */,
				0AB7D83A2929D59D0078084B /* SaveHistoryUseCase.swift in Sources */,
				0AEDD8FB2929EAE300FA485C /* HistoryLocalDataSource.swift in Sources */,
				0AEDD8F72929EA2600FA485C /* HistoryRepository.swift in Sources */,
				0A77781B2927EB01008AF30B /* CurrencyRateRepository.swift in Sources */,
				0A61B6AE2929378F003263FF /* HistoryModel+CoreDataClass.swift in Sources */,
				0A7778212928DEAA008AF30B /* CurrencyRateRemoteDataSource.swift in Sources */,
				0A1CC3292927735F00B63CBE /* CurrencyRateViewController.swift in Sources */,
				0AEDD8F42929E99100FA485C /* GetHistoryUseCase.swift in Sources */,
				0A1CC332292773E400B63CBE /* BaseViewModel.swift in Sources */,
				0A77783729291050008AF30B /* CurrencyRateLocalDataSource.swift in Sources */,
				0A1CC2F32927682B00B63CBE /* SceneDelegate.swift in Sources */,
				0A61B6AF2929378F003263FF /* HistoryModel+CoreDataProperties.swift in Sources */,
				0A1CC333292773E400B63CBE /* BaseViewController.swift in Sources */,
				0A61B6A729292C8A003263FF /* LocalStorage.swift in Sources */,
				0A7778092927DA1E008AF30B /* NetworkClient.swift in Sources */,
				0A61B6B02929378F003263FF /* CurrencyRateModel+CoreDataClass.swift in Sources */,
				0A1CC334292773E400B63CBE /* BaseView.swift in Sources */,
				0A1CC32B2927736F00B63CBE /* CurrencyRateView.swift in Sources */,
				0AB7D8422929DD5F0078084B /* HistoryViewModel.swift in Sources */,
				0A61B6B729293CE6003263FF /* GetCurrencyRateUseCase.swift in Sources */,
				0AEDD8F02929E7B800FA485C /* History+TableView.swift in Sources */,
				0AEDD9012929FB2100FA485C /* LatestRateModel.swift in Sources */,
				0AB7D8402929DD530078084B /* HistoryView.swift in Sources */,
				0A1CC32D2927737700B63CBE /* CurrencyRateViewModel.swift in Sources */,
				0A61B6B32929378F003263FF /* CurrencyModel+CoreDataProperties.swift in Sources */,
				0A61B6A529292B08003263FF /* CurrencyStorage.xcdatamodeld in Sources */,
				0AEDD8EC2929E3E500FA485C /* HistoryCell.swift in Sources */,
				0A7778072927D86F008AF30B /* NetworkConfiguration.swift in Sources */,
				0A61B6B529293C7C003263FF /* SaveCurrencyRatesFromRemoteUseCase.swift in Sources */,
				0A61B6B12929378F003263FF /* CurrencyRateModel+CoreDataProperties.swift in Sources */,
				0AEDD8FE2929F3E900FA485C /* Date+Ext.swift in Sources */,
				0A61B6B22929378F003263FF /* CurrencyModel+CoreDataClass.swift in Sources */,
				0A7778322929020D008AF30B /* CurrencyEntity.swift in Sources */,
				0AB7D83E2929DD440078084B /* HistoryViewController.swift in Sources */,
				0A61B6B929293F60003263FF /* CurrencyRateEntity.swift in Sources */,
				0AEDD9032929FCE400FA485C /* GetLatestRateUseCase.swift in Sources */,
			);
			runOnlyForDeploymentPostprocessing = 0;
		};
		0A1CC2FF2927682D00B63CBE /* Sources */ = {
			isa = PBXSourcesBuildPhase;
			buildActionMask = 2147483647;
			files = (
				0A61B6F129294552003263FF /* BaseView.swift in Sources */,
				0A61B6BC292944EF003263FF /* CurrencyRateEntity.swift in Sources */,
				0A61B6EF2929454E003263FF /* NetworkError.swift in Sources */,
				0A39AF19292A40500070813C /* NetworkClientTests.swift in Sources */,
				0A61B6D329294520003263FF /* CurrencyRateViewModel.swift in Sources */,
				0AEDD918292A24BD00FA485C /* LatestRateModel.swift in Sources */,
				0A39AF1D292A44EC0070813C /* HistoryRepositoryMock.swift in Sources */,
				0A61B6D529294526003263FF /* HistoryModel+CoreDataClass.swift in Sources */,
				0A61B6F329294555003263FF /* BaseViewController.swift in Sources */,
				0AEDD927292A2AC300FA485C /* CurrencyRateRemoteDataSourceMock.swift in Sources */,
				0AEDD904292A249600FA485C /* Date+Ext.swift in Sources */,
				0A61B6C72929450C003263FF /* GetCurrenciesUseCase.swift in Sources */,
				0AEDD90C292A24A400FA485C /* HistoryViewController.swift in Sources */,
				0A39AF21292A45770070813C /* HistoryLocalDataSourceTests.swift in Sources */,
				0A1CC3082927682D00B63CBE /* CurrencyRateTests.swift in Sources */,
				0A61B6E929294546003263FF /* NetworkService.swift in Sources */,
				0A39AF1F292A45190070813C /* HistoryUseCaseMock.swift in Sources */,
				0AEDD916292A24B800FA485C /* HistoryLocalDataSource.swift in Sources */,
				0AEDD906292A249C00FA485C /* History+TableView.swift in Sources */,
				0A39AF15292A37510070813C /* CurrenciesUseCaseMock.swift in Sources */,
				0A61B6CB29294512003263FF /* GetCurrencyRateUseCase.swift in Sources */,
				0A61B6D12929451C003263FF /* CurrencyRateView.swift in Sources */,
				0A61B6C529294508003263FF /* CurrencyRateRepository.swift in Sources */,
				0A61B6E32929453B003263FF /* CurrencyStorage.xcdatamodeld in Sources */,
				0A61B6F529294558003263FF /* BaseViewModel.swift in Sources */,
				0AEDD929292A2DCE00FA485C /* CurrencyRateRepositoryTests.swift in Sources */,
				0A61B6DB2929452F003263FF /* CurrencyRateModel+CoreDataProperties.swift in Sources */,
				0A61B6DD29294532003263FF /* CurrencyModel+CoreDataClass.swift in Sources */,
				0A61B6BA292944E8003263FF /* CurrencyEntity.swift in Sources */,
				0A61B6EB29294549003263FF /* NetworkConfiguration.swift in Sources */,
				0AEDD908292A249F00FA485C /* HistoryViewModel.swift in Sources */,
				0AEDD910292A24AC00FA485C /* HistoryRepository.swift in Sources */,
				0AEDD91A292A255D00FA485C /* SaveHistoryUseCase.swift in Sources */,
				0A61B6ED2929454C003263FF /* NetworkClient.swift in Sources */,
				0A61B6CD29294517003263FF /* CurrencyPickerView.swift in Sources */,
				0AEDD914292A24B100FA485C /* GetLatestRateUseCase.swift in Sources */,
				0A61B6F72929455A003263FF /* AppError.swift in Sources */,
				0A61B6E129294538003263FF /* LocalStorage.swift in Sources */,
				0AEDD90A292A24A200FA485C /* HistoryView.swift in Sources */,
				0A61B6E729294544003263FF /* RequestApi.swift in Sources */,
				0AEDD912292A24AE00FA485C /* GetHistoryUseCase.swift in Sources */,
				0A39AF11292A2F560070813C /* CurrencyRateRepositoryMock.swift in Sources */,
				0A39AF25292A45970070813C /* HistoryUseCaseTests.swift in Sources */,
				0A61B6C2292944F9003263FF /* CurrencyRateApis.swift in Sources */,
				0A61B6C92929450F003263FF /* SaveCurrencyRatesFromRemoteUseCase.swift in Sources */,
				0AEDD90E292A24A800FA485C /* HistoryCell.swift in Sources */,
				0A39AF1B292A449C0070813C /* HistoryLocalDataSourceMock.swift in Sources */,
				0A39AF23292A45890070813C /* HistoryRepositoryTests.swift in Sources */,
				0A61B6BE292944F2003263FF /* CurrencyRateRemoteDataSource.swift in Sources */,
				0A61B6E52929453F003263FF /* DIConfiguration.swift in Sources */,
				0A39AF13292A360E0070813C /* CurrencyRateUseCaseTests.swift in Sources */,
				0A61B6CF29294519003263FF /* CurrencyRateViewController.swift in Sources */,
				0A61B6DF29294535003263FF /* CurrencyModel+CoreDataProperties.swift in Sources */,
				0AEDD922292A299900FA485C /* CurrencyRateRemoteDataSourceTests.swift in Sources */,
				0A61B6D729294529003263FF /* HistoryModel+CoreDataProperties.swift in Sources */,
				0A61B6C0292944F6003263FF /* CurrencyRateLocalDataSource.swift in Sources */,
				0A61B6D92929452C003263FF /* CurrencyRateModel+CoreDataClass.swift in Sources */,
				0AEDD925292A29EC00FA485C /* NetworkClientMock.swift in Sources */,
			);
			runOnlyForDeploymentPostprocessing = 0;
		};
		0A1CC3092927682D00B63CBE /* Sources */ = {
			isa = PBXSourcesBuildPhase;
			buildActionMask = 2147483647;
			files = (
				0A61B6C82929450C003263FF /* GetCurrenciesUseCase.swift in Sources */,
				0A61B6F02929454E003263FF /* NetworkError.swift in Sources */,
				0A61B6CC29294513003263FF /* GetCurrencyRateUseCase.swift in Sources */,
				0AEDD90F292A24A800FA485C /* HistoryCell.swift in Sources */,
				0AEDD90B292A24A200FA485C /* HistoryView.swift in Sources */,
				0A61B6BF292944F3003263FF /* CurrencyRateRemoteDataSource.swift in Sources */,
				0A61B6F429294555003263FF /* BaseViewController.swift in Sources */,
				0A61B6E42929453B003263FF /* CurrencyStorage.xcdatamodeld in Sources */,
				0A61B6C3292944F9003263FF /* CurrencyRateApis.swift in Sources */,
				0A61B6D629294527003263FF /* HistoryModel+CoreDataClass.swift in Sources */,
				0A61B6F82929455A003263FF /* AppError.swift in Sources */,
				0AEDD91B292A255E00FA485C /* SaveHistoryUseCase.swift in Sources */,
				0A61B6C1292944F6003263FF /* CurrencyRateLocalDataSource.swift in Sources */,
				0AEDD911292A24AD00FA485C /* HistoryRepository.swift in Sources */,
				0A61B6E829294544003263FF /* RequestApi.swift in Sources */,
				0AEDD913292A24AF00FA485C /* GetHistoryUseCase.swift in Sources */,
				0A61B6D429294520003263FF /* CurrencyRateViewModel.swift in Sources */,
				0A1CC3122927682D00B63CBE /* CurrencyRateUITests.swift in Sources */,
				0A61B6DE29294533003263FF /* CurrencyModel+CoreDataClass.swift in Sources */,
				0A61B6EE2929454C003263FF /* NetworkClient.swift in Sources */,
				0A1CC3142927682D00B63CBE /* CurrencyRateUITestsLaunchTests.swift in Sources */,
				0A61B6DC29294530003263FF /* CurrencyRateModel+CoreDataProperties.swift in Sources */,
				0A61B6E229294538003263FF /* LocalStorage.swift in Sources */,
				0A61B6E62929453F003263FF /* DIConfiguration.swift in Sources */,
				0AEDD909292A249F00FA485C /* HistoryViewModel.swift in Sources */,
				0AEDD905292A249600FA485C /* Date+Ext.swift in Sources */,
				0A61B6D22929451C003263FF /* CurrencyRateView.swift in Sources */,
				0A61B6DA2929452D003263FF /* CurrencyRateModel+CoreDataClass.swift in Sources */,
				0A61B6CE29294517003263FF /* CurrencyPickerView.swift in Sources */,
				0A61B6F629294558003263FF /* BaseViewModel.swift in Sources */,
				0A61B6BB292944EC003263FF /* CurrencyEntity.swift in Sources */,
				0AEDD919292A24BE00FA485C /* LatestRateModel.swift in Sources */,
				0A61B6D829294529003263FF /* HistoryModel+CoreDataProperties.swift in Sources */,
				0A61B6D02929451A003263FF /* CurrencyRateViewController.swift in Sources */,
				0A61B6CA29294510003263FF /* SaveCurrencyRatesFromRemoteUseCase.swift in Sources */,
				0AEDD917292A24B900FA485C /* HistoryLocalDataSource.swift in Sources */,
				0A61B6C629294509003263FF /* CurrencyRateRepository.swift in Sources */,
				0A61B6EC29294549003263FF /* NetworkConfiguration.swift in Sources */,
				0AEDD915292A24B200FA485C /* GetLatestRateUseCase.swift in Sources */,
				0A61B6E029294535003263FF /* CurrencyModel+CoreDataProperties.swift in Sources */,
				0AEDD907292A249D00FA485C /* History+TableView.swift in Sources */,
				0A61B6F229294553003263FF /* BaseView.swift in Sources */,
				0AEDD90D292A24A500FA485C /* HistoryViewController.swift in Sources */,
				0A61B6EA29294547003263FF /* NetworkService.swift in Sources */,
				0A61B6BD292944EF003263FF /* CurrencyRateEntity.swift in Sources */,
			);
			runOnlyForDeploymentPostprocessing = 0;
		};
/* End PBXSourcesBuildPhase section */

/* Begin PBXTargetDependency section */
		0A1CC3052927682D00B63CBE /* PBXTargetDependency */ = {
			isa = PBXTargetDependency;
			target = 0A1CC2EC2927682B00B63CBE /* CurrencyRate */;
			targetProxy = 0A1CC3042927682D00B63CBE /* PBXContainerItemProxy */;
		};
		0A1CC30F2927682D00B63CBE /* PBXTargetDependency */ = {
			isa = PBXTargetDependency;
			target = 0A1CC2EC2927682B00B63CBE /* CurrencyRate */;
			targetProxy = 0A1CC30E2927682D00B63CBE /* PBXContainerItemProxy */;
		};
/* End PBXTargetDependency section */

/* Begin PBXVariantGroup section */
		0A1CC2FB2927682D00B63CBE /* LaunchScreen.storyboard */ = {
			isa = PBXVariantGroup;
			children = (
				0A1CC2FC2927682D00B63CBE /* Base */,
			);
			name = LaunchScreen.storyboard;
			sourceTree = "<group>";
		};
/* End PBXVariantGroup section */

/* Begin XCBuildConfiguration section */
		0A1CC3152927682D00B63CBE /* Debug */ = {
			isa = XCBuildConfiguration;
			buildSettings = {
				ALWAYS_SEARCH_USER_PATHS = NO;
				CLANG_ANALYZER_NONNULL = YES;
				CLANG_ANALYZER_NUMBER_OBJECT_CONVERSION = YES_AGGRESSIVE;
				CLANG_CXX_LANGUAGE_STANDARD = "gnu++20";
				CLANG_ENABLE_MODULES = YES;
				CLANG_ENABLE_OBJC_ARC = YES;
				CLANG_ENABLE_OBJC_WEAK = YES;
				CLANG_WARN_BLOCK_CAPTURE_AUTORELEASING = YES;
				CLANG_WARN_BOOL_CONVERSION = YES;
				CLANG_WARN_COMMA = YES;
				CLANG_WARN_CONSTANT_CONVERSION = YES;
				CLANG_WARN_DEPRECATED_OBJC_IMPLEMENTATIONS = YES;
				CLANG_WARN_DIRECT_OBJC_ISA_USAGE = YES_ERROR;
				CLANG_WARN_DOCUMENTATION_COMMENTS = YES;
				CLANG_WARN_EMPTY_BODY = YES;
				CLANG_WARN_ENUM_CONVERSION = YES;
				CLANG_WARN_INFINITE_RECURSION = YES;
				CLANG_WARN_INT_CONVERSION = YES;
				CLANG_WARN_NON_LITERAL_NULL_CONVERSION = YES;
				CLANG_WARN_OBJC_IMPLICIT_RETAIN_SELF = YES;
				CLANG_WARN_OBJC_LITERAL_CONVERSION = YES;
				CLANG_WARN_OBJC_ROOT_CLASS = YES_ERROR;
				CLANG_WARN_QUOTED_INCLUDE_IN_FRAMEWORK_HEADER = YES;
				CLANG_WARN_RANGE_LOOP_ANALYSIS = YES;
				CLANG_WARN_STRICT_PROTOTYPES = YES;
				CLANG_WARN_SUSPICIOUS_MOVE = YES;
				CLANG_WARN_UNGUARDED_AVAILABILITY = YES_AGGRESSIVE;
				CLANG_WARN_UNREACHABLE_CODE = YES;
				CLANG_WARN__DUPLICATE_METHOD_MATCH = YES;
				COPY_PHASE_STRIP = NO;
				DEBUG_INFORMATION_FORMAT = dwarf;
				ENABLE_STRICT_OBJC_MSGSEND = YES;
				ENABLE_TESTABILITY = YES;
				GCC_C_LANGUAGE_STANDARD = gnu11;
				GCC_DYNAMIC_NO_PIC = NO;
				GCC_NO_COMMON_BLOCKS = YES;
				GCC_OPTIMIZATION_LEVEL = 0;
				GCC_PREPROCESSOR_DEFINITIONS = (
					"DEBUG=1",
					"$(inherited)",
				);
				GCC_WARN_64_TO_32_BIT_CONVERSION = YES;
				GCC_WARN_ABOUT_RETURN_TYPE = YES_ERROR;
				GCC_WARN_UNDECLARED_SELECTOR = YES;
				GCC_WARN_UNINITIALIZED_AUTOS = YES_AGGRESSIVE;
				GCC_WARN_UNUSED_FUNCTION = YES;
				GCC_WARN_UNUSED_VARIABLE = YES;
				IPHONEOS_DEPLOYMENT_TARGET = 16.1;
				MTL_ENABLE_DEBUG_INFO = INCLUDE_SOURCE;
				MTL_FAST_MATH = YES;
				ONLY_ACTIVE_ARCH = YES;
				SDKROOT = iphoneos;
				SWIFT_ACTIVE_COMPILATION_CONDITIONS = DEBUG;
				SWIFT_OPTIMIZATION_LEVEL = "-Onone";
			};
			name = Debug;
		};
		0A1CC3162927682D00B63CBE /* Release */ = {
			isa = XCBuildConfiguration;
			buildSettings = {
				ALWAYS_SEARCH_USER_PATHS = NO;
				CLANG_ANALYZER_NONNULL = YES;
				CLANG_ANALYZER_NUMBER_OBJECT_CONVERSION = YES_AGGRESSIVE;
				CLANG_CXX_LANGUAGE_STANDARD = "gnu++20";
				CLANG_ENABLE_MODULES = YES;
				CLANG_ENABLE_OBJC_ARC = YES;
				CLANG_ENABLE_OBJC_WEAK = YES;
				CLANG_WARN_BLOCK_CAPTURE_AUTORELEASING = YES;
				CLANG_WARN_BOOL_CONVERSION = YES;
				CLANG_WARN_COMMA = YES;
				CLANG_WARN_CONSTANT_CONVERSION = YES;
				CLANG_WARN_DEPRECATED_OBJC_IMPLEMENTATIONS = YES;
				CLANG_WARN_DIRECT_OBJC_ISA_USAGE = YES_ERROR;
				CLANG_WARN_DOCUMENTATION_COMMENTS = YES;
				CLANG_WARN_EMPTY_BODY = YES;
				CLANG_WARN_ENUM_CONVERSION = YES;
				CLANG_WARN_INFINITE_RECURSION = YES;
				CLANG_WARN_INT_CONVERSION = YES;
				CLANG_WARN_NON_LITERAL_NULL_CONVERSION = YES;
				CLANG_WARN_OBJC_IMPLICIT_RETAIN_SELF = YES;
				CLANG_WARN_OBJC_LITERAL_CONVERSION = YES;
				CLANG_WARN_OBJC_ROOT_CLASS = YES_ERROR;
				CLANG_WARN_QUOTED_INCLUDE_IN_FRAMEWORK_HEADER = YES;
				CLANG_WARN_RANGE_LOOP_ANALYSIS = YES;
				CLANG_WARN_STRICT_PROTOTYPES = YES;
				CLANG_WARN_SUSPICIOUS_MOVE = YES;
				CLANG_WARN_UNGUARDED_AVAILABILITY = YES_AGGRESSIVE;
				CLANG_WARN_UNREACHABLE_CODE = YES;
				CLANG_WARN__DUPLICATE_METHOD_MATCH = YES;
				COPY_PHASE_STRIP = NO;
				DEBUG_INFORMATION_FORMAT = "dwarf-with-dsym";
				ENABLE_NS_ASSERTIONS = NO;
				ENABLE_STRICT_OBJC_MSGSEND = YES;
				GCC_C_LANGUAGE_STANDARD = gnu11;
				GCC_NO_COMMON_BLOCKS = YES;
				GCC_WARN_64_TO_32_BIT_CONVERSION = YES;
				GCC_WARN_ABOUT_RETURN_TYPE = YES_ERROR;
				GCC_WARN_UNDECLARED_SELECTOR = YES;
				GCC_WARN_UNINITIALIZED_AUTOS = YES_AGGRESSIVE;
				GCC_WARN_UNUSED_FUNCTION = YES;
				GCC_WARN_UNUSED_VARIABLE = YES;
				IPHONEOS_DEPLOYMENT_TARGET = 16.1;
				MTL_ENABLE_DEBUG_INFO = NO;
				MTL_FAST_MATH = YES;
				SDKROOT = iphoneos;
				SWIFT_COMPILATION_MODE = wholemodule;
				SWIFT_OPTIMIZATION_LEVEL = "-O";
				VALIDATE_PRODUCT = YES;
			};
			name = Release;
		};
		0A1CC3182927682D00B63CBE /* Debug */ = {
			isa = XCBuildConfiguration;
			baseConfigurationReference = A8D7E18689E066207077B6B6 /* Pods-CurrencyRate.debug.xcconfig */;
			buildSettings = {
				ASSETCATALOG_COMPILER_APPICON_NAME = AppIcon;
				ASSETCATALOG_COMPILER_GLOBAL_ACCENT_COLOR_NAME = AccentColor;
				CODE_SIGN_STYLE = Automatic;
				CURRENT_PROJECT_VERSION = 1;
				GENERATE_INFOPLIST_FILE = YES;
				INFOPLIST_FILE = CurrencyRate/Info.plist;
				INFOPLIST_KEY_UIApplicationSupportsIndirectInputEvents = YES;
				INFOPLIST_KEY_UILaunchStoryboardName = LaunchScreen;
				INFOPLIST_KEY_UIMainStoryboardFile = "";
				INFOPLIST_KEY_UISupportedInterfaceOrientations = "UIInterfaceOrientationLandscapeLeft UIInterfaceOrientationLandscapeRight UIInterfaceOrientationPortrait UIInterfaceOrientationPortraitUpsideDown";
				LD_RUNPATH_SEARCH_PATHS = (
					"$(inherited)",
					"@executable_path/Frameworks",
				);
				MARKETING_VERSION = 1.0;
				PRODUCT_BUNDLE_IDENTIFIER = com.example.CurrencyRate;
				PRODUCT_NAME = "$(TARGET_NAME)";
				SUPPORTED_PLATFORMS = "iphoneos iphonesimulator";
				SUPPORTS_MACCATALYST = NO;
				SUPPORTS_MAC_DESIGNED_FOR_IPHONE_IPAD = NO;
				SWIFT_EMIT_LOC_STRINGS = YES;
				SWIFT_VERSION = 5.0;
				TARGETED_DEVICE_FAMILY = 1;
			};
			name = Debug;
		};
		0A1CC3192927682D00B63CBE /* Release */ = {
			isa = XCBuildConfiguration;
			baseConfigurationReference = AD1D7546B279BE3866E36A6E /* Pods-CurrencyRate.release.xcconfig */;
			buildSettings = {
				ASSETCATALOG_COMPILER_APPICON_NAME = AppIcon;
				ASSETCATALOG_COMPILER_GLOBAL_ACCENT_COLOR_NAME = AccentColor;
				CODE_SIGN_STYLE = Automatic;
				CURRENT_PROJECT_VERSION = 1;
				GENERATE_INFOPLIST_FILE = YES;
				INFOPLIST_FILE = CurrencyRate/Info.plist;
				INFOPLIST_KEY_UIApplicationSupportsIndirectInputEvents = YES;
				INFOPLIST_KEY_UILaunchStoryboardName = LaunchScreen;
				INFOPLIST_KEY_UIMainStoryboardFile = "";
				INFOPLIST_KEY_UISupportedInterfaceOrientations = "UIInterfaceOrientationLandscapeLeft UIInterfaceOrientationLandscapeRight UIInterfaceOrientationPortrait UIInterfaceOrientationPortraitUpsideDown";
				LD_RUNPATH_SEARCH_PATHS = (
					"$(inherited)",
					"@executable_path/Frameworks",
				);
				MARKETING_VERSION = 1.0;
				PRODUCT_BUNDLE_IDENTIFIER = com.example.CurrencyRate;
				PRODUCT_NAME = "$(TARGET_NAME)";
				SUPPORTED_PLATFORMS = "iphoneos iphonesimulator";
				SUPPORTS_MACCATALYST = NO;
				SUPPORTS_MAC_DESIGNED_FOR_IPHONE_IPAD = NO;
				SWIFT_EMIT_LOC_STRINGS = YES;
				SWIFT_VERSION = 5.0;
				TARGETED_DEVICE_FAMILY = 1;
			};
			name = Release;
		};
		0A1CC31B2927682D00B63CBE /* Debug */ = {
			isa = XCBuildConfiguration;
			baseConfigurationReference = E9ED809BF4A5B763CD27DB95 /* Pods-CurrencyRateTests.debug.xcconfig */;
			buildSettings = {
				ALWAYS_EMBED_SWIFT_STANDARD_LIBRARIES = "$(inherited)";
				BUNDLE_LOADER = "$(TEST_HOST)";
				CODE_SIGN_STYLE = Automatic;
				CURRENT_PROJECT_VERSION = 1;
				GENERATE_INFOPLIST_FILE = YES;
				IPHONEOS_DEPLOYMENT_TARGET = 16.1;
				MARKETING_VERSION = 1.0;
				PRODUCT_BUNDLE_IDENTIFIER = com.example.CurrencyRateTests;
				PRODUCT_NAME = "$(TARGET_NAME)";
				SWIFT_EMIT_LOC_STRINGS = NO;
				SWIFT_VERSION = 5.0;
				TARGETED_DEVICE_FAMILY = "1,2";
				TEST_HOST = "$(BUILT_PRODUCTS_DIR)/CurrencyRate.app/$(BUNDLE_EXECUTABLE_FOLDER_PATH)/CurrencyRate";
			};
			name = Debug;
		};
		0A1CC31C2927682D00B63CBE /* Release */ = {
			isa = XCBuildConfiguration;
			baseConfigurationReference = 0431D48EE44BA731CCF0F1E7 /* Pods-CurrencyRateTests.release.xcconfig */;
			buildSettings = {
				ALWAYS_EMBED_SWIFT_STANDARD_LIBRARIES = "$(inherited)";
				BUNDLE_LOADER = "$(TEST_HOST)";
				CODE_SIGN_STYLE = Automatic;
				CURRENT_PROJECT_VERSION = 1;
				GENERATE_INFOPLIST_FILE = YES;
				IPHONEOS_DEPLOYMENT_TARGET = 16.1;
				MARKETING_VERSION = 1.0;
				PRODUCT_BUNDLE_IDENTIFIER = com.example.CurrencyRateTests;
				PRODUCT_NAME = "$(TARGET_NAME)";
				SWIFT_EMIT_LOC_STRINGS = NO;
				SWIFT_VERSION = 5.0;
				TARGETED_DEVICE_FAMILY = "1,2";
				TEST_HOST = "$(BUILT_PRODUCTS_DIR)/CurrencyRate.app/$(BUNDLE_EXECUTABLE_FOLDER_PATH)/CurrencyRate";
			};
			name = Release;
		};
		0A1CC31E2927682D00B63CBE /* Debug */ = {
			isa = XCBuildConfiguration;
			baseConfigurationReference = 4387C545E0DB3E549DF84B63 /* Pods-CurrencyRate-CurrencyRateUITests.debug.xcconfig */;
			buildSettings = {
				ALWAYS_EMBED_SWIFT_STANDARD_LIBRARIES = "$(inherited)";
				CODE_SIGN_STYLE = Automatic;
				CURRENT_PROJECT_VERSION = 1;
				GENERATE_INFOPLIST_FILE = YES;
				MARKETING_VERSION = 1.0;
				PRODUCT_BUNDLE_IDENTIFIER = com.example.CurrencyRateUITests;
				PRODUCT_NAME = "$(TARGET_NAME)";
				SWIFT_EMIT_LOC_STRINGS = NO;
				SWIFT_VERSION = 5.0;
				TARGETED_DEVICE_FAMILY = "1,2";
				TEST_TARGET_NAME = CurrencyRate;
			};
			name = Debug;
		};
		0A1CC31F2927682D00B63CBE /* Release */ = {
			isa = XCBuildConfiguration;
			baseConfigurationReference = 4721512FF385562965BAF292 /* Pods-CurrencyRate-CurrencyRateUITests.release.xcconfig */;
			buildSettings = {
				ALWAYS_EMBED_SWIFT_STANDARD_LIBRARIES = "$(inherited)";
				CODE_SIGN_STYLE = Automatic;
				CURRENT_PROJECT_VERSION = 1;
				GENERATE_INFOPLIST_FILE = YES;
				MARKETING_VERSION = 1.0;
				PRODUCT_BUNDLE_IDENTIFIER = com.example.CurrencyRateUITests;
				PRODUCT_NAME = "$(TARGET_NAME)";
				SWIFT_EMIT_LOC_STRINGS = NO;
				SWIFT_VERSION = 5.0;
				TARGETED_DEVICE_FAMILY = "1,2";
				TEST_TARGET_NAME = CurrencyRate;
			};
			name = Release;
		};
/* End XCBuildConfiguration section */

/* Begin XCConfigurationList section */
		0A1CC2E82927682B00B63CBE /* Build configuration list for PBXProject "CurrencyRate" */ = {
			isa = XCConfigurationList;
			buildConfigurations = (
				0A1CC3152927682D00B63CBE /* Debug */,
				0A1CC3162927682D00B63CBE /* Release */,
			);
			defaultConfigurationIsVisible = 0;
			defaultConfigurationName = Release;
		};
		0A1CC3172927682D00B63CBE /* Build configuration list for PBXNativeTarget "CurrencyRate" */ = {
			isa = XCConfigurationList;
			buildConfigurations = (
				0A1CC3182927682D00B63CBE /* Debug */,
				0A1CC3192927682D00B63CBE /* Release */,
			);
			defaultConfigurationIsVisible = 0;
			defaultConfigurationName = Release;
		};
		0A1CC31A2927682D00B63CBE /* Build configuration list for PBXNativeTarget "CurrencyRateTests" */ = {
			isa = XCConfigurationList;
			buildConfigurations = (
				0A1CC31B2927682D00B63CBE /* Debug */,
				0A1CC31C2927682D00B63CBE /* Release */,
			);
			defaultConfigurationIsVisible = 0;
			defaultConfigurationName = Release;
		};
		0A1CC31D2927682D00B63CBE /* Build configuration list for PBXNativeTarget "CurrencyRateUITests" */ = {
			isa = XCConfigurationList;
			buildConfigurations = (
				0A1CC31E2927682D00B63CBE /* Debug */,
				0A1CC31F2927682D00B63CBE /* Release */,
			);
			defaultConfigurationIsVisible = 0;
			defaultConfigurationName = Release;
		};
/* End XCConfigurationList section */

/* Begin XCRemoteSwiftPackageReference section */
		0A1CC33A2927759000B63CBE /* XCRemoteSwiftPackageReference "IQKeyboardManager" */ = {
			isa = XCRemoteSwiftPackageReference;
			repositoryURL = "https://github.com/hackiftekhar/IQKeyboardManager";
			requirement = {
				branch = master;
				kind = branch;
			};
		};
/* End XCRemoteSwiftPackageReference section */

/* Begin XCSwiftPackageProductDependency section */
		0A1CC33B2927759000B63CBE /* IQKeyboardManagerSwift */ = {
			isa = XCSwiftPackageProductDependency;
			package = 0A1CC33A2927759000B63CBE /* XCRemoteSwiftPackageReference "IQKeyboardManager" */;
			productName = IQKeyboardManagerSwift;
		};
		0A61B7012929472F003263FF /* IQKeyboardManagerSwift */ = {
			isa = XCSwiftPackageProductDependency;
			package = 0A1CC33A2927759000B63CBE /* XCRemoteSwiftPackageReference "IQKeyboardManager" */;
			productName = IQKeyboardManagerSwift;
		};
/* End XCSwiftPackageProductDependency section */

/* Begin XCVersionGroup section */
		0A61B6A329292B08003263FF /* CurrencyStorage.xcdatamodeld */ = {
			isa = XCVersionGroup;
			children = (
				0A61B6A429292B08003263FF /* CurrencyStorage.xcdatamodel */,
			);
			currentVersion = 0A61B6A429292B08003263FF /* CurrencyStorage.xcdatamodel */;
			path = CurrencyStorage.xcdatamodeld;
			sourceTree = "<group>";
			versionGroupType = wrapper.xcdatamodel;
		};
/* End XCVersionGroup section */
	};
	rootObject = 0A1CC2E52927682B00B63CBE /* Project object */;
}
